
Microsoft Visual Studio Solution File, Format Version 12.00
# Visual Studio 15
VisualStudioVersion = 15.0.26730.10
MinimumVisualStudioVersion = 10.0.40219.1
Project("{FAE04EC0-301F-11D3-BF4B-00C04F79EFBC}") = "Tilter.Android", "Tilter\Tilter.Android\Tilter.Android.csproj", "{B948CDE4-D702-480B-A091-A016D3919001}"
EndProject
Project("{FAE04EC0-301F-11D3-BF4B-00C04F79EFBC}") = "Tilter.UWP", "Tilter\Tilter.UWP\Tilter.UWP.csproj", "{7D724AF5-678F-4F1A-9A01-D58D7F347EBF}"
EndProject
Project("{FAE04EC0-301F-11D3-BF4B-00C04F79EFBC}") = "Tilter.iOS", "Tilter\Tilter.iOS\Tilter.iOS.csproj", "{D97D78A6-4C9B-467B-B830-1C9DF962B056}"
EndProject
Project("{FAE04EC0-301F-11D3-BF4B-00C04F79EFBC}") = "Tilter.GTK", "Tilter\Tilter.GTK\Tilter.GTK.csproj", "{2648DFA7-5226-4046-8961-2A37F2E3F807}"
EndProject
Project("{9A19103F-16F7-4668-BE54-9A1E7A4F7556}") = "Tilter.XF", "Tilter\Tilter.XF\Tilter.XF.csproj", "{1FE2CE51-0618-41A8-8450-462DE59EB712}"
EndProject
Project("{9A19103F-16F7-4668-BE54-9A1E7A4F7556}") = "AccelerationAndGyro", "Tilter\AccelerationAndGyro\AccelerationAndGyro.csproj", "{F29DB37E-5C38-4C91-B13D-9A79FDF4E1E1}"
EndProject
Project("{FAE04EC0-301F-11D3-BF4B-00C04F79EFBC}") = "AccelerationAndGyroTests", "AccelerationAndGyroTests\AccelerationAndGyroTests.csproj", "{9CF19A1C-17B7-47F5-9BD4-AAEBCC2F2425}"
EndProject
Global
	GlobalSection(SolutionConfigurationPlatforms) = preSolution
		Ad-Hoc|Any CPU = Ad-Hoc|Any CPU
		Ad-Hoc|ARM = Ad-Hoc|ARM
		Ad-Hoc|iPhone = Ad-Hoc|iPhone
		Ad-Hoc|iPhoneSimulator = Ad-Hoc|iPhoneSimulator
		Ad-Hoc|x64 = Ad-Hoc|x64
		Ad-Hoc|x86 = Ad-Hoc|x86
		AppStore|Any CPU = AppStore|Any CPU
		AppStore|ARM = AppStore|ARM
		AppStore|iPhone = AppStore|iPhone
		AppStore|iPhoneSimulator = AppStore|iPhoneSimulator
		AppStore|x64 = AppStore|x64
		AppStore|x86 = AppStore|x86
		Debug|Any CPU = Debug|Any CPU
		Debug|ARM = Debug|ARM
		Debug|iPhone = Debug|iPhone
		Debug|iPhoneSimulator = Debug|iPhoneSimulator
		Debug|x64 = Debug|x64
		Debug|x86 = Debug|x86
		Release_Droid|Any CPU = Release_Droid|Any CPU
		Release_Droid|ARM = Release_Droid|ARM
		Release_Droid|iPhone = Release_Droid|iPhone
		Release_Droid|iPhoneSimulator = Release_Droid|iPhoneSimulator
		Release_Droid|x64 = Release_Droid|x64
		Release_Droid|x86 = Release_Droid|x86
		Release_UWP|Any CPU = Release_UWP|Any CPU
		Release_UWP|ARM = Release_UWP|ARM
		Release_UWP|iPhone = Release_UWP|iPhone
		Release_UWP|iPhoneSimulator = Release_UWP|iPhoneSimulator
		Release_UWP|x64 = Release_UWP|x64
		Release_UWP|x86 = Release_UWP|x86
		Release|Any CPU = Release|Any CPU
		Release|ARM = Release|ARM
		Release|iPhone = Release|iPhone
		Release|iPhoneSimulator = Release|iPhoneSimulator
		Release|x64 = Release|x64
		Release|x86 = Release|x86
	EndGlobalSection
	GlobalSection(ProjectConfigurationPlatforms) = postSolution
		{B948CDE4-D702-480B-A091-A016D3919001}.Ad-Hoc|Any CPU.ActiveCfg = Release|Any CPU
		{B948CDE4-D702-480B-A091-A016D3919001}.Ad-Hoc|Any CPU.Build.0 = Release|Any CPU
		{B948CDE4-D702-480B-A091-A016D3919001}.Ad-Hoc|Any CPU.Deploy.0 = Release|Any CPU
		{B948CDE4-D702-480B-A091-A016D3919001}.Ad-Hoc|ARM.ActiveCfg = Release|Any CPU
		{B948CDE4-D702-480B-A091-A016D3919001}.Ad-Hoc|ARM.Build.0 = Release|Any CPU
		{B948CDE4-D702-480B-A091-A016D3919001}.Ad-Hoc|ARM.Deploy.0 = Release|Any CPU
		{B948CDE4-D702-480B-A091-A016D3919001}.Ad-Hoc|iPhone.ActiveCfg = Release|Any CPU
		{B948CDE4-D702-480B-A091-A016D3919001}.Ad-Hoc|iPhone.Build.0 = Release|Any CPU
		{B948CDE4-D702-480B-A091-A016D3919001}.Ad-Hoc|iPhone.Deploy.0 = Release|Any CPU
		{B948CDE4-D702-480B-A091-A016D3919001}.Ad-Hoc|iPhoneSimulator.ActiveCfg = Release|Any CPU
		{B948CDE4-D702-480B-A091-A016D3919001}.Ad-Hoc|iPhoneSimulator.Build.0 = Release|Any CPU
		{B948CDE4-D702-480B-A091-A016D3919001}.Ad-Hoc|iPhoneSimulator.Deploy.0 = Release|Any CPU
		{B948CDE4-D702-480B-A091-A016D3919001}.Ad-Hoc|x64.ActiveCfg = Release|Any CPU
		{B948CDE4-D702-480B-A091-A016D3919001}.Ad-Hoc|x64.Build.0 = Release|Any CPU
		{B948CDE4-D702-480B-A091-A016D3919001}.Ad-Hoc|x64.Deploy.0 = Release|Any CPU
		{B948CDE4-D702-480B-A091-A016D3919001}.Ad-Hoc|x86.ActiveCfg = Release|Any CPU
		{B948CDE4-D702-480B-A091-A016D3919001}.Ad-Hoc|x86.Build.0 = Release|Any CPU
		{B948CDE4-D702-480B-A091-A016D3919001}.Ad-Hoc|x86.Deploy.0 = Release|Any CPU
		{B948CDE4-D702-480B-A091-A016D3919001}.AppStore|Any CPU.ActiveCfg = Release|Any CPU
		{B948CDE4-D702-480B-A091-A016D3919001}.AppStore|Any CPU.Build.0 = Release|Any CPU
		{B948CDE4-D702-480B-A091-A016D3919001}.AppStore|Any CPU.Deploy.0 = Release|Any CPU
		{B948CDE4-D702-480B-A091-A016D3919001}.AppStore|ARM.ActiveCfg = Release|Any CPU
		{B948CDE4-D702-480B-A091-A016D3919001}.AppStore|ARM.Build.0 = Release|Any CPU
		{B948CDE4-D702-480B-A091-A016D3919001}.AppStore|ARM.Deploy.0 = Release|Any CPU
		{B948CDE4-D702-480B-A091-A016D3919001}.AppStore|iPhone.ActiveCfg = Release|Any CPU
		{B948CDE4-D702-480B-A091-A016D3919001}.AppStore|iPhone.Build.0 = Release|Any CPU
		{B948CDE4-D702-480B-A091-A016D3919001}.AppStore|iPhone.Deploy.0 = Release|Any CPU
		{B948CDE4-D702-480B-A091-A016D3919001}.AppStore|iPhoneSimulator.ActiveCfg = Release|Any CPU
		{B948CDE4-D702-480B-A091-A016D3919001}.AppStore|iPhoneSimulator.Build.0 = Release|Any CPU
		{B948CDE4-D702-480B-A091-A016D3919001}.AppStore|iPhoneSimulator.Deploy.0 = Release|Any CPU
		{B948CDE4-D702-480B-A091-A016D3919001}.AppStore|x64.ActiveCfg = Release|Any CPU
		{B948CDE4-D702-480B-A091-A016D3919001}.AppStore|x64.Build.0 = Release|Any CPU
		{B948CDE4-D702-480B-A091-A016D3919001}.AppStore|x64.Deploy.0 = Release|Any CPU
		{B948CDE4-D702-480B-A091-A016D3919001}.AppStore|x86.ActiveCfg = Release|Any CPU
		{B948CDE4-D702-480B-A091-A016D3919001}.AppStore|x86.Build.0 = Release|Any CPU
		{B948CDE4-D702-480B-A091-A016D3919001}.AppStore|x86.Deploy.0 = Release|Any CPU
		{B948CDE4-D702-480B-A091-A016D3919001}.Debug|Any CPU.ActiveCfg = Debug|Any CPU
		{B948CDE4-D702-480B-A091-A016D3919001}.Debug|Any CPU.Build.0 = Debug|Any CPU
		{B948CDE4-D702-480B-A091-A016D3919001}.Debug|Any CPU.Deploy.0 = Debug|Any CPU
		{B948CDE4-D702-480B-A091-A016D3919001}.Debug|ARM.ActiveCfg = Debug|Any CPU
		{B948CDE4-D702-480B-A091-A016D3919001}.Debug|ARM.Build.0 = Debug|Any CPU
		{B948CDE4-D702-480B-A091-A016D3919001}.Debug|ARM.Deploy.0 = Debug|Any CPU
		{B948CDE4-D702-480B-A091-A016D3919001}.Debug|iPhone.ActiveCfg = Debug|Any CPU
		{B948CDE4-D702-480B-A091-A016D3919001}.Debug|iPhone.Build.0 = Debug|Any CPU
		{B948CDE4-D702-480B-A091-A016D3919001}.Debug|iPhone.Deploy.0 = Debug|Any CPU
		{B948CDE4-D702-480B-A091-A016D3919001}.Debug|iPhoneSimulator.ActiveCfg = Debug|Any CPU
		{B948CDE4-D702-480B-A091-A016D3919001}.Debug|iPhoneSimulator.Build.0 = Debug|Any CPU
		{B948CDE4-D702-480B-A091-A016D3919001}.Debug|iPhoneSimulator.Deploy.0 = Debug|Any CPU
		{B948CDE4-D702-480B-A091-A016D3919001}.Debug|x64.ActiveCfg = Debug|Any CPU
		{B948CDE4-D702-480B-A091-A016D3919001}.Debug|x64.Build.0 = Debug|Any CPU
		{B948CDE4-D702-480B-A091-A016D3919001}.Debug|x64.Deploy.0 = Debug|Any CPU
		{B948CDE4-D702-480B-A091-A016D3919001}.Debug|x86.ActiveCfg = Debug|Any CPU
		{B948CDE4-D702-480B-A091-A016D3919001}.Debug|x86.Build.0 = Debug|Any CPU
		{B948CDE4-D702-480B-A091-A016D3919001}.Debug|x86.Deploy.0 = Debug|Any CPU
		{B948CDE4-D702-480B-A091-A016D3919001}.Release_Droid|Any CPU.ActiveCfg = Release|Any CPU
		{B948CDE4-D702-480B-A091-A016D3919001}.Release_Droid|Any CPU.Build.0 = Release|Any CPU
		{B948CDE4-D702-480B-A091-A016D3919001}.Release_Droid|Any CPU.Deploy.0 = Release|Any CPU
		{B948CDE4-D702-480B-A091-A016D3919001}.Release_Droid|ARM.ActiveCfg = Release|Any CPU
		{B948CDE4-D702-480B-A091-A016D3919001}.Release_Droid|ARM.Build.0 = Release|Any CPU
		{B948CDE4-D702-480B-A091-A016D3919001}.Release_Droid|ARM.Deploy.0 = Release|Any CPU
		{B948CDE4-D702-480B-A091-A016D3919001}.Release_Droid|iPhone.ActiveCfg = Release|Any CPU
		{B948CDE4-D702-480B-A091-A016D3919001}.Release_Droid|iPhone.Build.0 = Release|Any CPU
		{B948CDE4-D702-480B-A091-A016D3919001}.Release_Droid|iPhone.Deploy.0 = Release|Any CPU
		{B948CDE4-D702-480B-A091-A016D3919001}.Release_Droid|iPhoneSimulator.ActiveCfg = Release|Any CPU
		{B948CDE4-D702-480B-A091-A016D3919001}.Release_Droid|iPhoneSimulator.Build.0 = Release|Any CPU
		{B948CDE4-D702-480B-A091-A016D3919001}.Release_Droid|iPhoneSimulator.Deploy.0 = Release|Any CPU
		{B948CDE4-D702-480B-A091-A016D3919001}.Release_Droid|x64.ActiveCfg = Release|Any CPU
		{B948CDE4-D702-480B-A091-A016D3919001}.Release_Droid|x64.Build.0 = Release|Any CPU
		{B948CDE4-D702-480B-A091-A016D3919001}.Release_Droid|x64.Deploy.0 = Release|Any CPU
		{B948CDE4-D702-480B-A091-A016D3919001}.Release_Droid|x86.ActiveCfg = Release|Any CPU
		{B948CDE4-D702-480B-A091-A016D3919001}.Release_Droid|x86.Build.0 = Release|Any CPU
		{B948CDE4-D702-480B-A091-A016D3919001}.Release_Droid|x86.Deploy.0 = Release|Any CPU
		{B948CDE4-D702-480B-A091-A016D3919001}.Release_UWP|Any CPU.ActiveCfg = Release|Any CPU
		{B948CDE4-D702-480B-A091-A016D3919001}.Release_UWP|Any CPU.Build.0 = Release|Any CPU
		{B948CDE4-D702-480B-A091-A016D3919001}.Release_UWP|Any CPU.Deploy.0 = Release|Any CPU
		{B948CDE4-D702-480B-A091-A016D3919001}.Release_UWP|ARM.ActiveCfg = Release|Any CPU
		{B948CDE4-D702-480B-A091-A016D3919001}.Release_UWP|iPhone.ActiveCfg = Release|Any CPU
		{B948CDE4-D702-480B-A091-A016D3919001}.Release_UWP|iPhone.Build.0 = Release|Any CPU
		{B948CDE4-D702-480B-A091-A016D3919001}.Release_UWP|iPhone.Deploy.0 = Release|Any CPU
		{B948CDE4-D702-480B-A091-A016D3919001}.Release_UWP|iPhoneSimulator.ActiveCfg = Release|Any CPU
		{B948CDE4-D702-480B-A091-A016D3919001}.Release_UWP|iPhoneSimulator.Build.0 = Release|Any CPU
		{B948CDE4-D702-480B-A091-A016D3919001}.Release_UWP|iPhoneSimulator.Deploy.0 = Release|Any CPU
		{B948CDE4-D702-480B-A091-A016D3919001}.Release_UWP|x64.ActiveCfg = Release|Any CPU
		{B948CDE4-D702-480B-A091-A016D3919001}.Release_UWP|x86.ActiveCfg = Release|Any CPU
		{B948CDE4-D702-480B-A091-A016D3919001}.Release|Any CPU.ActiveCfg = Release|Any CPU
		{B948CDE4-D702-480B-A091-A016D3919001}.Release|Any CPU.Build.0 = Release|Any CPU
		{B948CDE4-D702-480B-A091-A016D3919001}.Release|Any CPU.Deploy.0 = Release|Any CPU
		{B948CDE4-D702-480B-A091-A016D3919001}.Release|ARM.ActiveCfg = Release|Any CPU
		{B948CDE4-D702-480B-A091-A016D3919001}.Release|ARM.Build.0 = Release|Any CPU
		{B948CDE4-D702-480B-A091-A016D3919001}.Release|ARM.Deploy.0 = Release|Any CPU
		{B948CDE4-D702-480B-A091-A016D3919001}.Release|iPhone.ActiveCfg = Release|Any CPU
		{B948CDE4-D702-480B-A091-A016D3919001}.Release|iPhone.Build.0 = Release|Any CPU
		{B948CDE4-D702-480B-A091-A016D3919001}.Release|iPhone.Deploy.0 = Release|Any CPU
		{B948CDE4-D702-480B-A091-A016D3919001}.Release|iPhoneSimulator.ActiveCfg = Release|Any CPU
		{B948CDE4-D702-480B-A091-A016D3919001}.Release|iPhoneSimulator.Build.0 = Release|Any CPU
		{B948CDE4-D702-480B-A091-A016D3919001}.Release|iPhoneSimulator.Deploy.0 = Release|Any CPU
		{B948CDE4-D702-480B-A091-A016D3919001}.Release|x64.ActiveCfg = Release|Any CPU
		{B948CDE4-D702-480B-A091-A016D3919001}.Release|x64.Build.0 = Release|Any CPU
		{B948CDE4-D702-480B-A091-A016D3919001}.Release|x64.Deploy.0 = Release|Any CPU
		{B948CDE4-D702-480B-A091-A016D3919001}.Release|x86.ActiveCfg = Release|Any CPU
		{B948CDE4-D702-480B-A091-A016D3919001}.Release|x86.Build.0 = Release|Any CPU
		{B948CDE4-D702-480B-A091-A016D3919001}.Release|x86.Deploy.0 = Release|Any CPU
		{7D724AF5-678F-4F1A-9A01-D58D7F347EBF}.Ad-Hoc|Any CPU.ActiveCfg = Release|x86
		{7D724AF5-678F-4F1A-9A01-D58D7F347EBF}.Ad-Hoc|Any CPU.Build.0 = Release|x86
		{7D724AF5-678F-4F1A-9A01-D58D7F347EBF}.Ad-Hoc|Any CPU.Deploy.0 = Release|x86
		{7D724AF5-678F-4F1A-9A01-D58D7F347EBF}.Ad-Hoc|ARM.ActiveCfg = Release|ARM
		{7D724AF5-678F-4F1A-9A01-D58D7F347EBF}.Ad-Hoc|ARM.Build.0 = Release|ARM
		{7D724AF5-678F-4F1A-9A01-D58D7F347EBF}.Ad-Hoc|ARM.Deploy.0 = Release|ARM
		{7D724AF5-678F-4F1A-9A01-D58D7F347EBF}.Ad-Hoc|iPhone.ActiveCfg = Release|x86
		{7D724AF5-678F-4F1A-9A01-D58D7F347EBF}.Ad-Hoc|iPhone.Build.0 = Release|x86
		{7D724AF5-678F-4F1A-9A01-D58D7F347EBF}.Ad-Hoc|iPhone.Deploy.0 = Release|x86
		{7D724AF5-678F-4F1A-9A01-D58D7F347EBF}.Ad-Hoc|iPhoneSimulator.ActiveCfg = Release|x86
		{7D724AF5-678F-4F1A-9A01-D58D7F347EBF}.Ad-Hoc|iPhoneSimulator.Build.0 = Release|x86
		{7D724AF5-678F-4F1A-9A01-D58D7F347EBF}.Ad-Hoc|iPhoneSimulator.Deploy.0 = Release|x86
		{7D724AF5-678F-4F1A-9A01-D58D7F347EBF}.Ad-Hoc|x64.ActiveCfg = Release|x64
		{7D724AF5-678F-4F1A-9A01-D58D7F347EBF}.Ad-Hoc|x64.Build.0 = Release|x64
		{7D724AF5-678F-4F1A-9A01-D58D7F347EBF}.Ad-Hoc|x64.Deploy.0 = Release|x64
		{7D724AF5-678F-4F1A-9A01-D58D7F347EBF}.Ad-Hoc|x86.ActiveCfg = Release|x86
		{7D724AF5-678F-4F1A-9A01-D58D7F347EBF}.Ad-Hoc|x86.Build.0 = Release|x86
		{7D724AF5-678F-4F1A-9A01-D58D7F347EBF}.Ad-Hoc|x86.Deploy.0 = Release|x86
		{7D724AF5-678F-4F1A-9A01-D58D7F347EBF}.AppStore|Any CPU.ActiveCfg = Release|x86
		{7D724AF5-678F-4F1A-9A01-D58D7F347EBF}.AppStore|Any CPU.Build.0 = Release|x86
		{7D724AF5-678F-4F1A-9A01-D58D7F347EBF}.AppStore|Any CPU.Deploy.0 = Release|x86
		{7D724AF5-678F-4F1A-9A01-D58D7F347EBF}.AppStore|ARM.ActiveCfg = Release|ARM
		{7D724AF5-678F-4F1A-9A01-D58D7F347EBF}.AppStore|ARM.Build.0 = Release|ARM
		{7D724AF5-678F-4F1A-9A01-D58D7F347EBF}.AppStore|ARM.Deploy.0 = Release|ARM
		{7D724AF5-678F-4F1A-9A01-D58D7F347EBF}.AppStore|iPhone.ActiveCfg = Release|x86
		{7D724AF5-678F-4F1A-9A01-D58D7F347EBF}.AppStore|iPhone.Build.0 = Release|x86
		{7D724AF5-678F-4F1A-9A01-D58D7F347EBF}.AppStore|iPhone.Deploy.0 = Release|x86
		{7D724AF5-678F-4F1A-9A01-D58D7F347EBF}.AppStore|iPhoneSimulator.ActiveCfg = Release|x86
		{7D724AF5-678F-4F1A-9A01-D58D7F347EBF}.AppStore|iPhoneSimulator.Build.0 = Release|x86
		{7D724AF5-678F-4F1A-9A01-D58D7F347EBF}.AppStore|iPhoneSimulator.Deploy.0 = Release|x86
		{7D724AF5-678F-4F1A-9A01-D58D7F347EBF}.AppStore|x64.ActiveCfg = Release|x64
		{7D724AF5-678F-4F1A-9A01-D58D7F347EBF}.AppStore|x64.Build.0 = Release|x64
		{7D724AF5-678F-4F1A-9A01-D58D7F347EBF}.AppStore|x64.Deploy.0 = Release|x64
		{7D724AF5-678F-4F1A-9A01-D58D7F347EBF}.AppStore|x86.ActiveCfg = Release|x86
		{7D724AF5-678F-4F1A-9A01-D58D7F347EBF}.AppStore|x86.Build.0 = Release|x86
		{7D724AF5-678F-4F1A-9A01-D58D7F347EBF}.AppStore|x86.Deploy.0 = Release|x86
		{7D724AF5-678F-4F1A-9A01-D58D7F347EBF}.Debug|Any CPU.ActiveCfg = Debug|x86
		{7D724AF5-678F-4F1A-9A01-D58D7F347EBF}.Debug|ARM.ActiveCfg = Debug|ARM
		{7D724AF5-678F-4F1A-9A01-D58D7F347EBF}.Debug|ARM.Build.0 = Debug|ARM
		{7D724AF5-678F-4F1A-9A01-D58D7F347EBF}.Debug|ARM.Deploy.0 = Debug|ARM
		{7D724AF5-678F-4F1A-9A01-D58D7F347EBF}.Debug|iPhone.ActiveCfg = Debug|x86
		{7D724AF5-678F-4F1A-9A01-D58D7F347EBF}.Debug|iPhoneSimulator.ActiveCfg = Debug|x86
		{7D724AF5-678F-4F1A-9A01-D58D7F347EBF}.Debug|x64.ActiveCfg = Debug|x64
		{7D724AF5-678F-4F1A-9A01-D58D7F347EBF}.Debug|x64.Build.0 = Debug|x64
		{7D724AF5-678F-4F1A-9A01-D58D7F347EBF}.Debug|x64.Deploy.0 = Debug|x64
		{7D724AF5-678F-4F1A-9A01-D58D7F347EBF}.Debug|x86.ActiveCfg = Debug|x86
		{7D724AF5-678F-4F1A-9A01-D58D7F347EBF}.Debug|x86.Build.0 = Debug|x86
		{7D724AF5-678F-4F1A-9A01-D58D7F347EBF}.Debug|x86.Deploy.0 = Debug|x86
		{7D724AF5-678F-4F1A-9A01-D58D7F347EBF}.Release_Droid|Any CPU.ActiveCfg = Release|x86
		{7D724AF5-678F-4F1A-9A01-D58D7F347EBF}.Release_Droid|ARM.ActiveCfg = Release|ARM
		{7D724AF5-678F-4F1A-9A01-D58D7F347EBF}.Release_Droid|iPhone.ActiveCfg = Release|x86
		{7D724AF5-678F-4F1A-9A01-D58D7F347EBF}.Release_Droid|iPhoneSimulator.ActiveCfg = Release|x86
		{7D724AF5-678F-4F1A-9A01-D58D7F347EBF}.Release_Droid|x64.ActiveCfg = Release|x64
		{7D724AF5-678F-4F1A-9A01-D58D7F347EBF}.Release_Droid|x86.ActiveCfg = Release|x86
		{7D724AF5-678F-4F1A-9A01-D58D7F347EBF}.Release_UWP|Any CPU.ActiveCfg = Release|x86
		{7D724AF5-678F-4F1A-9A01-D58D7F347EBF}.Release_UWP|ARM.ActiveCfg = Release|ARM
		{7D724AF5-678F-4F1A-9A01-D58D7F347EBF}.Release_UWP|ARM.Build.0 = Release|ARM
		{7D724AF5-678F-4F1A-9A01-D58D7F347EBF}.Release_UWP|ARM.Deploy.0 = Release|ARM
		{7D724AF5-678F-4F1A-9A01-D58D7F347EBF}.Release_UWP|iPhone.ActiveCfg = Release|x86
		{7D724AF5-678F-4F1A-9A01-D58D7F347EBF}.Release_UWP|iPhoneSimulator.ActiveCfg = Release|x86
		{7D724AF5-678F-4F1A-9A01-D58D7F347EBF}.Release_UWP|x64.ActiveCfg = Release|x64
		{7D724AF5-678F-4F1A-9A01-D58D7F347EBF}.Release_UWP|x64.Build.0 = Release|x64
		{7D724AF5-678F-4F1A-9A01-D58D7F347EBF}.Release_UWP|x64.Deploy.0 = Release|x64
		{7D724AF5-678F-4F1A-9A01-D58D7F347EBF}.Release_UWP|x86.ActiveCfg = Release|x86
		{7D724AF5-678F-4F1A-9A01-D58D7F347EBF}.Release_UWP|x86.Build.0 = Release|x86
		{7D724AF5-678F-4F1A-9A01-D58D7F347EBF}.Release_UWP|x86.Deploy.0 = Release|x86
		{7D724AF5-678F-4F1A-9A01-D58D7F347EBF}.Release|Any CPU.ActiveCfg = Release|x86
		{7D724AF5-678F-4F1A-9A01-D58D7F347EBF}.Release|ARM.ActiveCfg = Release|ARM
		{7D724AF5-678F-4F1A-9A01-D58D7F347EBF}.Release|ARM.Build.0 = Release|ARM
		{7D724AF5-678F-4F1A-9A01-D58D7F347EBF}.Release|ARM.Deploy.0 = Release|ARM
		{7D724AF5-678F-4F1A-9A01-D58D7F347EBF}.Release|iPhone.ActiveCfg = Release|x86
		{7D724AF5-678F-4F1A-9A01-D58D7F347EBF}.Release|iPhoneSimulator.ActiveCfg = Release|x86
		{7D724AF5-678F-4F1A-9A01-D58D7F347EBF}.Release|x64.ActiveCfg = Release|x64
		{7D724AF5-678F-4F1A-9A01-D58D7F347EBF}.Release|x64.Build.0 = Release|x64
		{7D724AF5-678F-4F1A-9A01-D58D7F347EBF}.Release|x64.Deploy.0 = Release|x64
		{7D724AF5-678F-4F1A-9A01-D58D7F347EBF}.Release|x86.ActiveCfg = Release|x86
		{7D724AF5-678F-4F1A-9A01-D58D7F347EBF}.Release|x86.Build.0 = Release|x86
		{7D724AF5-678F-4F1A-9A01-D58D7F347EBF}.Release|x86.Deploy.0 = Release|x86
		{D97D78A6-4C9B-467B-B830-1C9DF962B056}.Ad-Hoc|Any CPU.ActiveCfg = Ad-Hoc|iPhone
		{D97D78A6-4C9B-467B-B830-1C9DF962B056}.Ad-Hoc|ARM.ActiveCfg = Ad-Hoc|iPhone
		{D97D78A6-4C9B-467B-B830-1C9DF962B056}.Ad-Hoc|iPhone.ActiveCfg = Ad-Hoc|iPhone
		{D97D78A6-4C9B-467B-B830-1C9DF962B056}.Ad-Hoc|iPhone.Build.0 = Ad-Hoc|iPhone
		{D97D78A6-4C9B-467B-B830-1C9DF962B056}.Ad-Hoc|iPhoneSimulator.ActiveCfg = Ad-Hoc|iPhoneSimulator
		{D97D78A6-4C9B-467B-B830-1C9DF962B056}.Ad-Hoc|iPhoneSimulator.Build.0 = Ad-Hoc|iPhoneSimulator
		{D97D78A6-4C9B-467B-B830-1C9DF962B056}.Ad-Hoc|x64.ActiveCfg = Ad-Hoc|iPhone
		{D97D78A6-4C9B-467B-B830-1C9DF962B056}.Ad-Hoc|x86.ActiveCfg = Ad-Hoc|iPhone
		{D97D78A6-4C9B-467B-B830-1C9DF962B056}.AppStore|Any CPU.ActiveCfg = AppStore|iPhone
		{D97D78A6-4C9B-467B-B830-1C9DF962B056}.AppStore|ARM.ActiveCfg = AppStore|iPhone
		{D97D78A6-4C9B-467B-B830-1C9DF962B056}.AppStore|iPhone.ActiveCfg = AppStore|iPhone
		{D97D78A6-4C9B-467B-B830-1C9DF962B056}.AppStore|iPhone.Build.0 = AppStore|iPhone
		{D97D78A6-4C9B-467B-B830-1C9DF962B056}.AppStore|iPhoneSimulator.ActiveCfg = AppStore|iPhoneSimulator
		{D97D78A6-4C9B-467B-B830-1C9DF962B056}.AppStore|iPhoneSimulator.Build.0 = AppStore|iPhoneSimulator
		{D97D78A6-4C9B-467B-B830-1C9DF962B056}.AppStore|x64.ActiveCfg = AppStore|iPhone
		{D97D78A6-4C9B-467B-B830-1C9DF962B056}.AppStore|x86.ActiveCfg = AppStore|iPhone
		{D97D78A6-4C9B-467B-B830-1C9DF962B056}.Debug|Any CPU.ActiveCfg = Debug|iPhone
		{D97D78A6-4C9B-467B-B830-1C9DF962B056}.Debug|ARM.ActiveCfg = Debug|iPhone
		{D97D78A6-4C9B-467B-B830-1C9DF962B056}.Debug|iPhone.ActiveCfg = Debug|iPhone
		{D97D78A6-4C9B-467B-B830-1C9DF962B056}.Debug|iPhone.Build.0 = Debug|iPhone
		{D97D78A6-4C9B-467B-B830-1C9DF962B056}.Debug|iPhoneSimulator.ActiveCfg = Debug|iPhoneSimulator
		{D97D78A6-4C9B-467B-B830-1C9DF962B056}.Debug|iPhoneSimulator.Build.0 = Debug|iPhoneSimulator
		{D97D78A6-4C9B-467B-B830-1C9DF962B056}.Debug|x64.ActiveCfg = Debug|iPhone
		{D97D78A6-4C9B-467B-B830-1C9DF962B056}.Debug|x86.ActiveCfg = Debug|iPhone
		{D97D78A6-4C9B-467B-B830-1C9DF962B056}.Release_Droid|Any CPU.ActiveCfg = Release|iPhone
		{D97D78A6-4C9B-467B-B830-1C9DF962B056}.Release_Droid|ARM.ActiveCfg = Release|iPhone
		{D97D78A6-4C9B-467B-B830-1C9DF962B056}.Release_Droid|iPhone.ActiveCfg = Release|iPhone
		{D97D78A6-4C9B-467B-B830-1C9DF962B056}.Release_Droid|iPhone.Build.0 = Release|iPhone
		{D97D78A6-4C9B-467B-B830-1C9DF962B056}.Release_Droid|iPhoneSimulator.ActiveCfg = Release|iPhoneSimulator
		{D97D78A6-4C9B-467B-B830-1C9DF962B056}.Release_Droid|iPhoneSimulator.Build.0 = Release|iPhoneSimulator
		{D97D78A6-4C9B-467B-B830-1C9DF962B056}.Release_Droid|x64.ActiveCfg = Release|iPhone
		{D97D78A6-4C9B-467B-B830-1C9DF962B056}.Release_Droid|x86.ActiveCfg = Release|iPhone
		{D97D78A6-4C9B-467B-B830-1C9DF962B056}.Release_UWP|Any CPU.ActiveCfg = Release|iPhone
		{D97D78A6-4C9B-467B-B830-1C9DF962B056}.Release_UWP|ARM.ActiveCfg = Release|iPhone
		{D97D78A6-4C9B-467B-B830-1C9DF962B056}.Release_UWP|iPhone.ActiveCfg = Release|iPhone
		{D97D78A6-4C9B-467B-B830-1C9DF962B056}.Release_UWP|iPhone.Build.0 = Release|iPhone
		{D97D78A6-4C9B-467B-B830-1C9DF962B056}.Release_UWP|iPhoneSimulator.ActiveCfg = Release|iPhoneSimulator
		{D97D78A6-4C9B-467B-B830-1C9DF962B056}.Release_UWP|iPhoneSimulator.Build.0 = Release|iPhoneSimulator
		{D97D78A6-4C9B-467B-B830-1C9DF962B056}.Release_UWP|x64.ActiveCfg = Release|iPhone
		{D97D78A6-4C9B-467B-B830-1C9DF962B056}.Release_UWP|x86.ActiveCfg = Release|iPhone
		{D97D78A6-4C9B-467B-B830-1C9DF962B056}.Release|Any CPU.ActiveCfg = Release|iPhone
		{D97D78A6-4C9B-467B-B830-1C9DF962B056}.Release|ARM.ActiveCfg = Release|iPhone
		{D97D78A6-4C9B-467B-B830-1C9DF962B056}.Release|iPhone.ActiveCfg = Release|iPhone
		{D97D78A6-4C9B-467B-B830-1C9DF962B056}.Release|iPhone.Build.0 = Release|iPhone
		{D97D78A6-4C9B-467B-B830-1C9DF962B056}.Release|iPhoneSimulator.ActiveCfg = Release|iPhoneSimulator
		{D97D78A6-4C9B-467B-B830-1C9DF962B056}.Release|iPhoneSimulator.Build.0 = Release|iPhoneSimulator
		{D97D78A6-4C9B-467B-B830-1C9DF962B056}.Release|x64.ActiveCfg = Release|iPhone
		{D97D78A6-4C9B-467B-B830-1C9DF962B056}.Release|x86.ActiveCfg = Release|iPhone
		{2648DFA7-5226-4046-8961-2A37F2E3F807}.Ad-Hoc|Any CPU.ActiveCfg = Release|Any CPU
		{2648DFA7-5226-4046-8961-2A37F2E3F807}.Ad-Hoc|Any CPU.Build.0 = Release|Any CPU
		{2648DFA7-5226-4046-8961-2A37F2E3F807}.Ad-Hoc|ARM.ActiveCfg = Release|Any CPU
		{2648DFA7-5226-4046-8961-2A37F2E3F807}.Ad-Hoc|ARM.Build.0 = Release|Any CPU
		{2648DFA7-5226-4046-8961-2A37F2E3F807}.Ad-Hoc|iPhone.ActiveCfg = Release|Any CPU
		{2648DFA7-5226-4046-8961-2A37F2E3F807}.Ad-Hoc|iPhone.Build.0 = Release|Any CPU
		{2648DFA7-5226-4046-8961-2A37F2E3F807}.Ad-Hoc|iPhoneSimulator.ActiveCfg = Release|Any CPU
		{2648DFA7-5226-4046-8961-2A37F2E3F807}.Ad-Hoc|iPhoneSimulator.Build.0 = Release|Any CPU
		{2648DFA7-5226-4046-8961-2A37F2E3F807}.Ad-Hoc|x64.ActiveCfg = Release|Any CPU
		{2648DFA7-5226-4046-8961-2A37F2E3F807}.Ad-Hoc|x64.Build.0 = Release|Any CPU
		{2648DFA7-5226-4046-8961-2A37F2E3F807}.Ad-Hoc|x86.ActiveCfg = Release|Any CPU
		{2648DFA7-5226-4046-8961-2A37F2E3F807}.Ad-Hoc|x86.Build.0 = Release|Any CPU
		{2648DFA7-5226-4046-8961-2A37F2E3F807}.AppStore|Any CPU.ActiveCfg = Release|Any CPU
		{2648DFA7-5226-4046-8961-2A37F2E3F807}.AppStore|Any CPU.Build.0 = Release|Any CPU
		{2648DFA7-5226-4046-8961-2A37F2E3F807}.AppStore|ARM.ActiveCfg = Release|Any CPU
		{2648DFA7-5226-4046-8961-2A37F2E3F807}.AppStore|ARM.Build.0 = Release|Any CPU
		{2648DFA7-5226-4046-8961-2A37F2E3F807}.AppStore|iPhone.ActiveCfg = Release|Any CPU
		{2648DFA7-5226-4046-8961-2A37F2E3F807}.AppStore|iPhone.Build.0 = Release|Any CPU
		{2648DFA7-5226-4046-8961-2A37F2E3F807}.AppStore|iPhoneSimulator.ActiveCfg = Release|Any CPU
		{2648DFA7-5226-4046-8961-2A37F2E3F807}.AppStore|iPhoneSimulator.Build.0 = Release|Any CPU
		{2648DFA7-5226-4046-8961-2A37F2E3F807}.AppStore|x64.ActiveCfg = Release|Any CPU
		{2648DFA7-5226-4046-8961-2A37F2E3F807}.AppStore|x64.Build.0 = Release|Any CPU
		{2648DFA7-5226-4046-8961-2A37F2E3F807}.AppStore|x86.ActiveCfg = Release|Any CPU
		{2648DFA7-5226-4046-8961-2A37F2E3F807}.AppStore|x86.Build.0 = Release|Any CPU
		{2648DFA7-5226-4046-8961-2A37F2E3F807}.Debug|Any CPU.ActiveCfg = Debug|Any CPU
		{2648DFA7-5226-4046-8961-2A37F2E3F807}.Debug|Any CPU.Build.0 = Debug|Any CPU
		{2648DFA7-5226-4046-8961-2A37F2E3F807}.Debug|ARM.ActiveCfg = Debug|Any CPU
		{2648DFA7-5226-4046-8961-2A37F2E3F807}.Debug|ARM.Build.0 = Debug|Any CPU
		{2648DFA7-5226-4046-8961-2A37F2E3F807}.Debug|iPhone.ActiveCfg = Debug|Any CPU
		{2648DFA7-5226-4046-8961-2A37F2E3F807}.Debug|iPhone.Build.0 = Debug|Any CPU
		{2648DFA7-5226-4046-8961-2A37F2E3F807}.Debug|iPhoneSimulator.ActiveCfg = Debug|Any CPU
		{2648DFA7-5226-4046-8961-2A37F2E3F807}.Debug|iPhoneSimulator.Build.0 = Debug|Any CPU
		{2648DFA7-5226-4046-8961-2A37F2E3F807}.Debug|x64.ActiveCfg = Debug|Any CPU
		{2648DFA7-5226-4046-8961-2A37F2E3F807}.Debug|x64.Build.0 = Debug|Any CPU
		{2648DFA7-5226-4046-8961-2A37F2E3F807}.Debug|x86.ActiveCfg = Debug|Any CPU
		{2648DFA7-5226-4046-8961-2A37F2E3F807}.Debug|x86.Build.0 = Debug|Any CPU
		{2648DFA7-5226-4046-8961-2A37F2E3F807}.Release_Droid|Any CPU.ActiveCfg = Release|Any CPU
		{2648DFA7-5226-4046-8961-2A37F2E3F807}.Release_Droid|Any CPU.Build.0 = Release|Any CPU
		{2648DFA7-5226-4046-8961-2A37F2E3F807}.Release_Droid|ARM.ActiveCfg = Release|Any CPU
		{2648DFA7-5226-4046-8961-2A37F2E3F807}.Release_Droid|iPhone.ActiveCfg = Release|Any CPU
		{2648DFA7-5226-4046-8961-2A37F2E3F807}.Release_Droid|iPhone.Build.0 = Release|Any CPU
		{2648DFA7-5226-4046-8961-2A37F2E3F807}.Release_Droid|iPhoneSimulator.ActiveCfg = Release|Any CPU
		{2648DFA7-5226-4046-8961-2A37F2E3F807}.Release_Droid|iPhoneSimulator.Build.0 = Release|Any CPU
		{2648DFA7-5226-4046-8961-2A37F2E3F807}.Release_Droid|x64.ActiveCfg = Release|Any CPU
		{2648DFA7-5226-4046-8961-2A37F2E3F807}.Release_Droid|x86.ActiveCfg = Release|Any CPU
		{2648DFA7-5226-4046-8961-2A37F2E3F807}.Release_UWP|Any CPU.ActiveCfg = Release|Any CPU
		{2648DFA7-5226-4046-8961-2A37F2E3F807}.Release_UWP|Any CPU.Build.0 = Release|Any CPU
		{2648DFA7-5226-4046-8961-2A37F2E3F807}.Release_UWP|ARM.ActiveCfg = Release|Any CPU
		{2648DFA7-5226-4046-8961-2A37F2E3F807}.Release_UWP|iPhone.ActiveCfg = Release|Any CPU
		{2648DFA7-5226-4046-8961-2A37F2E3F807}.Release_UWP|iPhone.Build.0 = Release|Any CPU
		{2648DFA7-5226-4046-8961-2A37F2E3F807}.Release_UWP|iPhoneSimulator.ActiveCfg = Release|Any CPU
		{2648DFA7-5226-4046-8961-2A37F2E3F807}.Release_UWP|iPhoneSimulator.Build.0 = Release|Any CPU
		{2648DFA7-5226-4046-8961-2A37F2E3F807}.Release_UWP|x64.ActiveCfg = Release|Any CPU
		{2648DFA7-5226-4046-8961-2A37F2E3F807}.Release_UWP|x86.ActiveCfg = Release|Any CPU
		{2648DFA7-5226-4046-8961-2A37F2E3F807}.Release|Any CPU.ActiveCfg = Release|Any CPU
		{2648DFA7-5226-4046-8961-2A37F2E3F807}.Release|Any CPU.Build.0 = Release|Any CPU
		{2648DFA7-5226-4046-8961-2A37F2E3F807}.Release|ARM.ActiveCfg = Release|Any CPU
		{2648DFA7-5226-4046-8961-2A37F2E3F807}.Release|ARM.Build.0 = Release|Any CPU
		{2648DFA7-5226-4046-8961-2A37F2E3F807}.Release|iPhone.ActiveCfg = Release|Any CPU
		{2648DFA7-5226-4046-8961-2A37F2E3F807}.Release|iPhone.Build.0 = Release|Any CPU
		{2648DFA7-5226-4046-8961-2A37F2E3F807}.Release|iPhoneSimulator.ActiveCfg = Release|Any CPU
		{2648DFA7-5226-4046-8961-2A37F2E3F807}.Release|iPhoneSimulator.Build.0 = Release|Any CPU
		{2648DFA7-5226-4046-8961-2A37F2E3F807}.Release|x64.ActiveCfg = Release|Any CPU
		{2648DFA7-5226-4046-8961-2A37F2E3F807}.Release|x64.Build.0 = Release|Any CPU
		{2648DFA7-5226-4046-8961-2A37F2E3F807}.Release|x86.ActiveCfg = Release|Any CPU
		{2648DFA7-5226-4046-8961-2A37F2E3F807}.Release|x86.Build.0 = Release|Any CPU
		{1FE2CE51-0618-41A8-8450-462DE59EB712}.Ad-Hoc|Any CPU.ActiveCfg = Debug|Any CPU
		{1FE2CE51-0618-41A8-8450-462DE59EB712}.Ad-Hoc|Any CPU.Build.0 = Debug|Any CPU
		{1FE2CE51-0618-41A8-8450-462DE59EB712}.Ad-Hoc|ARM.ActiveCfg = Debug|Any CPU
		{1FE2CE51-0618-41A8-8450-462DE59EB712}.Ad-Hoc|ARM.Build.0 = Debug|Any CPU
		{1FE2CE51-0618-41A8-8450-462DE59EB712}.Ad-Hoc|iPhone.ActiveCfg = Debug|Any CPU
		{1FE2CE51-0618-41A8-8450-462DE59EB712}.Ad-Hoc|iPhone.Build.0 = Debug|Any CPU
		{1FE2CE51-0618-41A8-8450-462DE59EB712}.Ad-Hoc|iPhoneSimulator.ActiveCfg = Debug|Any CPU
		{1FE2CE51-0618-41A8-8450-462DE59EB712}.Ad-Hoc|iPhoneSimulator.Build.0 = Debug|Any CPU
		{1FE2CE51-0618-41A8-8450-462DE59EB712}.Ad-Hoc|x64.ActiveCfg = Debug|Any CPU
		{1FE2CE51-0618-41A8-8450-462DE59EB712}.Ad-Hoc|x64.Build.0 = Debug|Any CPU
		{1FE2CE51-0618-41A8-8450-462DE59EB712}.Ad-Hoc|x86.ActiveCfg = Debug|Any CPU
		{1FE2CE51-0618-41A8-8450-462DE59EB712}.Ad-Hoc|x86.Build.0 = Debug|Any CPU
		{1FE2CE51-0618-41A8-8450-462DE59EB712}.AppStore|Any CPU.ActiveCfg = Debug|Any CPU
		{1FE2CE51-0618-41A8-8450-462DE59EB712}.AppStore|Any CPU.Build.0 = Debug|Any CPU
		{1FE2CE51-0618-41A8-8450-462DE59EB712}.AppStore|ARM.ActiveCfg = Debug|Any CPU
		{1FE2CE51-0618-41A8-8450-462DE59EB712}.AppStore|ARM.Build.0 = Debug|Any CPU
		{1FE2CE51-0618-41A8-8450-462DE59EB712}.AppStore|iPhone.ActiveCfg = Debug|Any CPU
		{1FE2CE51-0618-41A8-8450-462DE59EB712}.AppStore|iPhone.Build.0 = Debug|Any CPU
		{1FE2CE51-0618-41A8-8450-462DE59EB712}.AppStore|iPhoneSimulator.ActiveCfg = Debug|Any CPU
		{1FE2CE51-0618-41A8-8450-462DE59EB712}.AppStore|iPhoneSimulator.Build.0 = Debug|Any CPU
		{1FE2CE51-0618-41A8-8450-462DE59EB712}.AppStore|x64.ActiveCfg = Debug|Any CPU
		{1FE2CE51-0618-41A8-8450-462DE59EB712}.AppStore|x64.Build.0 = Debug|Any CPU
		{1FE2CE51-0618-41A8-8450-462DE59EB712}.AppStore|x86.ActiveCfg = Debug|Any CPU
		{1FE2CE51-0618-41A8-8450-462DE59EB712}.AppStore|x86.Build.0 = Debug|Any CPU
		{1FE2CE51-0618-41A8-8450-462DE59EB712}.Debug|Any CPU.ActiveCfg = Debug|Any CPU
		{1FE2CE51-0618-41A8-8450-462DE59EB712}.Debug|Any CPU.Build.0 = Debug|Any CPU
		{1FE2CE51-0618-41A8-8450-462DE59EB712}.Debug|ARM.ActiveCfg = Debug|Any CPU
		{1FE2CE51-0618-41A8-8450-462DE59EB712}.Debug|ARM.Build.0 = Debug|Any CPU
		{1FE2CE51-0618-41A8-8450-462DE59EB712}.Debug|iPhone.ActiveCfg = Debug|Any CPU
		{1FE2CE51-0618-41A8-8450-462DE59EB712}.Debug|iPhone.Build.0 = Debug|Any CPU
		{1FE2CE51-0618-41A8-8450-462DE59EB712}.Debug|iPhoneSimulator.ActiveCfg = Debug|Any CPU
		{1FE2CE51-0618-41A8-8450-462DE59EB712}.Debug|iPhoneSimulator.Build.0 = Debug|Any CPU
		{1FE2CE51-0618-41A8-8450-462DE59EB712}.Debug|x64.ActiveCfg = Debug|Any CPU
		{1FE2CE51-0618-41A8-8450-462DE59EB712}.Debug|x64.Build.0 = Debug|Any CPU
		{1FE2CE51-0618-41A8-8450-462DE59EB712}.Debug|x86.ActiveCfg = Debug|Any CPU
		{1FE2CE51-0618-41A8-8450-462DE59EB712}.Debug|x86.Build.0 = Debug|Any CPU
		{1FE2CE51-0618-41A8-8450-462DE59EB712}.Release_Droid|Any CPU.ActiveCfg = Release|Any CPU
		{1FE2CE51-0618-41A8-8450-462DE59EB712}.Release_Droid|Any CPU.Build.0 = Release|Any CPU
		{1FE2CE51-0618-41A8-8450-462DE59EB712}.Release_Droid|ARM.ActiveCfg = Release|Any CPU
		{1FE2CE51-0618-41A8-8450-462DE59EB712}.Release_Droid|ARM.Build.0 = Release|Any CPU
		{1FE2CE51-0618-41A8-8450-462DE59EB712}.Release_Droid|iPhone.ActiveCfg = Release|Any CPU
		{1FE2CE51-0618-41A8-8450-462DE59EB712}.Release_Droid|iPhone.Build.0 = Release|Any CPU
		{1FE2CE51-0618-41A8-8450-462DE59EB712}.Release_Droid|iPhoneSimulator.ActiveCfg = Release|Any CPU
		{1FE2CE51-0618-41A8-8450-462DE59EB712}.Release_Droid|iPhoneSimulator.Build.0 = Release|Any CPU
		{1FE2CE51-0618-41A8-8450-462DE59EB712}.Release_Droid|x64.ActiveCfg = Release|Any CPU
		{1FE2CE51-0618-41A8-8450-462DE59EB712}.Release_Droid|x64.Build.0 = Release|Any CPU
		{1FE2CE51-0618-41A8-8450-462DE59EB712}.Release_Droid|x86.ActiveCfg = Release|Any CPU
		{1FE2CE51-0618-41A8-8450-462DE59EB712}.Release_Droid|x86.Build.0 = Release|Any CPU
		{1FE2CE51-0618-41A8-8450-462DE59EB712}.Release_UWP|Any CPU.ActiveCfg = Release|Any CPU
		{1FE2CE51-0618-41A8-8450-462DE59EB712}.Release_UWP|Any CPU.Build.0 = Release|Any CPU
		{1FE2CE51-0618-41A8-8450-462DE59EB712}.Release_UWP|ARM.ActiveCfg = Release|Any CPU
		{1FE2CE51-0618-41A8-8450-462DE59EB712}.Release_UWP|ARM.Build.0 = Release|Any CPU
		{1FE2CE51-0618-41A8-8450-462DE59EB712}.Release_UWP|iPhone.ActiveCfg = Release|Any CPU
		{1FE2CE51-0618-41A8-8450-462DE59EB712}.Release_UWP|iPhone.Build.0 = Release|Any CPU
		{1FE2CE51-0618-41A8-8450-462DE59EB712}.Release_UWP|iPhoneSimulator.ActiveCfg = Release|Any CPU
		{1FE2CE51-0618-41A8-8450-462DE59EB712}.Release_UWP|iPhoneSimulator.Build.0 = Release|Any CPU
		{1FE2CE51-0618-41A8-8450-462DE59EB712}.Release_UWP|x64.ActiveCfg = Release|Any CPU
		{1FE2CE51-0618-41A8-8450-462DE59EB712}.Release_UWP|x64.Build.0 = Release|Any CPU
		{1FE2CE51-0618-41A8-8450-462DE59EB712}.Release_UWP|x86.ActiveCfg = Release|Any CPU
		{1FE2CE51-0618-41A8-8450-462DE59EB712}.Release_UWP|x86.Build.0 = Release|Any CPU
		{1FE2CE51-0618-41A8-8450-462DE59EB712}.Release|Any CPU.ActiveCfg = Release|Any CPU
		{1FE2CE51-0618-41A8-8450-462DE59EB712}.Release|Any CPU.Build.0 = Release|Any CPU
		{1FE2CE51-0618-41A8-8450-462DE59EB712}.Release|ARM.ActiveCfg = Release|Any CPU
		{1FE2CE51-0618-41A8-8450-462DE59EB712}.Release|ARM.Build.0 = Release|Any CPU
		{1FE2CE51-0618-41A8-8450-462DE59EB712}.Release|iPhone.ActiveCfg = Release|Any CPU
		{1FE2CE51-0618-41A8-8450-462DE59EB712}.Release|iPhone.Build.0 = Release|Any CPU
		{1FE2CE51-0618-41A8-8450-462DE59EB712}.Release|iPhoneSimulator.ActiveCfg = Release|Any CPU
		{1FE2CE51-0618-41A8-8450-462DE59EB712}.Release|iPhoneSimulator.Build.0 = Release|Any CPU
		{1FE2CE51-0618-41A8-8450-462DE59EB712}.Release|x64.ActiveCfg = Release|Any CPU
		{1FE2CE51-0618-41A8-8450-462DE59EB712}.Release|x64.Build.0 = Release|Any CPU
		{1FE2CE51-0618-41A8-8450-462DE59EB712}.Release|x86.ActiveCfg = Release|Any CPU
		{1FE2CE51-0618-41A8-8450-462DE59EB712}.Release|x86.Build.0 = Release|Any CPU
		{F29DB37E-5C38-4C91-B13D-9A79FDF4E1E1}.Ad-Hoc|Any CPU.ActiveCfg = Debug|Any CPU
		{F29DB37E-5C38-4C91-B13D-9A79FDF4E1E1}.Ad-Hoc|Any CPU.Build.0 = Debug|Any CPU
		{F29DB37E-5C38-4C91-B13D-9A79FDF4E1E1}.Ad-Hoc|ARM.ActiveCfg = Debug|Any CPU
		{F29DB37E-5C38-4C91-B13D-9A79FDF4E1E1}.Ad-Hoc|ARM.Build.0 = Debug|Any CPU
		{F29DB37E-5C38-4C91-B13D-9A79FDF4E1E1}.Ad-Hoc|iPhone.ActiveCfg = Debug|Any CPU
		{F29DB37E-5C38-4C91-B13D-9A79FDF4E1E1}.Ad-Hoc|iPhone.Build.0 = Debug|Any CPU
		{F29DB37E-5C38-4C91-B13D-9A79FDF4E1E1}.Ad-Hoc|iPhoneSimulator.ActiveCfg = Debug|Any CPU
		{F29DB37E-5C38-4C91-B13D-9A79FDF4E1E1}.Ad-Hoc|iPhoneSimulator.Build.0 = Debug|Any CPU
		{F29DB37E-5C38-4C91-B13D-9A79FDF4E1E1}.Ad-Hoc|x64.ActiveCfg = Debug|Any CPU
		{F29DB37E-5C38-4C91-B13D-9A79FDF4E1E1}.Ad-Hoc|x64.Build.0 = Debug|Any CPU
		{F29DB37E-5C38-4C91-B13D-9A79FDF4E1E1}.Ad-Hoc|x86.ActiveCfg = Debug|Any CPU
		{F29DB37E-5C38-4C91-B13D-9A79FDF4E1E1}.Ad-Hoc|x86.Build.0 = Debug|Any CPU
		{F29DB37E-5C38-4C91-B13D-9A79FDF4E1E1}.AppStore|Any CPU.ActiveCfg = Debug|Any CPU
		{F29DB37E-5C38-4C91-B13D-9A79FDF4E1E1}.AppStore|Any CPU.Build.0 = Debug|Any CPU
		{F29DB37E-5C38-4C91-B13D-9A79FDF4E1E1}.AppStore|ARM.ActiveCfg = Debug|Any CPU
		{F29DB37E-5C38-4C91-B13D-9A79FDF4E1E1}.AppStore|ARM.Build.0 = Debug|Any CPU
		{F29DB37E-5C38-4C91-B13D-9A79FDF4E1E1}.AppStore|iPhone.ActiveCfg = Debug|Any CPU
		{F29DB37E-5C38-4C91-B13D-9A79FDF4E1E1}.AppStore|iPhone.Build.0 = Debug|Any CPU
		{F29DB37E-5C38-4C91-B13D-9A79FDF4E1E1}.AppStore|iPhoneSimulator.ActiveCfg = Debug|Any CPU
		{F29DB37E-5C38-4C91-B13D-9A79FDF4E1E1}.AppStore|iPhoneSimulator.Build.0 = Debug|Any CPU
		{F29DB37E-5C38-4C91-B13D-9A79FDF4E1E1}.AppStore|x64.ActiveCfg = Debug|Any CPU
		{F29DB37E-5C38-4C91-B13D-9A79FDF4E1E1}.AppStore|x64.Build.0 = Debug|Any CPU
		{F29DB37E-5C38-4C91-B13D-9A79FDF4E1E1}.AppStore|x86.ActiveCfg = Debug|Any CPU
		{F29DB37E-5C38-4C91-B13D-9A79FDF4E1E1}.AppStore|x86.Build.0 = Debug|Any CPU
		{F29DB37E-5C38-4C91-B13D-9A79FDF4E1E1}.Debug|Any CPU.ActiveCfg = Debug|Any CPU
		{F29DB37E-5C38-4C91-B13D-9A79FDF4E1E1}.Debug|Any CPU.Build.0 = Debug|Any CPU
		{F29DB37E-5C38-4C91-B13D-9A79FDF4E1E1}.Debug|ARM.ActiveCfg = Debug|Any CPU
		{F29DB37E-5C38-4C91-B13D-9A79FDF4E1E1}.Debug|ARM.Build.0 = Debug|Any CPU
		{F29DB37E-5C38-4C91-B13D-9A79FDF4E1E1}.Debug|iPhone.ActiveCfg = Debug|Any CPU
		{F29DB37E-5C38-4C91-B13D-9A79FDF4E1E1}.Debug|iPhone.Build.0 = Debug|Any CPU
		{F29DB37E-5C38-4C91-B13D-9A79FDF4E1E1}.Debug|iPhoneSimulator.ActiveCfg = Debug|Any CPU
		{F29DB37E-5C38-4C91-B13D-9A79FDF4E1E1}.Debug|iPhoneSimulator.Build.0 = Debug|Any CPU
		{F29DB37E-5C38-4C91-B13D-9A79FDF4E1E1}.Debug|x64.ActiveCfg = Debug|Any CPU
		{F29DB37E-5C38-4C91-B13D-9A79FDF4E1E1}.Debug|x64.Build.0 = Debug|Any CPU
		{F29DB37E-5C38-4C91-B13D-9A79FDF4E1E1}.Debug|x86.ActiveCfg = Debug|Any CPU
		{F29DB37E-5C38-4C91-B13D-9A79FDF4E1E1}.Debug|x86.Build.0 = Debug|Any CPU
		{F29DB37E-5C38-4C91-B13D-9A79FDF4E1E1}.Release_Droid|Any CPU.ActiveCfg = Release|Any CPU
		{F29DB37E-5C38-4C91-B13D-9A79FDF4E1E1}.Release_Droid|Any CPU.Build.0 = Release|Any CPU
		{F29DB37E-5C38-4C91-B13D-9A79FDF4E1E1}.Release_Droid|ARM.ActiveCfg = Release|Any CPU
		{F29DB37E-5C38-4C91-B13D-9A79FDF4E1E1}.Release_Droid|ARM.Build.0 = Release|Any CPU
		{F29DB37E-5C38-4C91-B13D-9A79FDF4E1E1}.Release_Droid|iPhone.ActiveCfg = Release|Any CPU
		{F29DB37E-5C38-4C91-B13D-9A79FDF4E1E1}.Release_Droid|iPhone.Build.0 = Release|Any CPU
		{F29DB37E-5C38-4C91-B13D-9A79FDF4E1E1}.Release_Droid|iPhoneSimulator.ActiveCfg = Release|Any CPU
		{F29DB37E-5C38-4C91-B13D-9A79FDF4E1E1}.Release_Droid|iPhoneSimulator.Build.0 = Release|Any CPU
		{F29DB37E-5C38-4C91-B13D-9A79FDF4E1E1}.Release_Droid|x64.ActiveCfg = Release|Any CPU
		{F29DB37E-5C38-4C91-B13D-9A79FDF4E1E1}.Release_Droid|x64.Build.0 = Release|Any CPU
		{F29DB37E-5C38-4C91-B13D-9A79FDF4E1E1}.Release_Droid|x86.ActiveCfg = Release|Any CPU
		{F29DB37E-5C38-4C91-B13D-9A79FDF4E1E1}.Release_Droid|x86.Build.0 = Release|Any CPU
		{F29DB37E-5C38-4C91-B13D-9A79FDF4E1E1}.Release_UWP|Any CPU.ActiveCfg = Release|Any CPU
		{F29DB37E-5C38-4C91-B13D-9A79FDF4E1E1}.Release_UWP|Any CPU.Build.0 = Release|Any CPU
		{F29DB37E-5C38-4C91-B13D-9A79FDF4E1E1}.Release_UWP|ARM.ActiveCfg = Release|Any CPU
		{F29DB37E-5C38-4C91-B13D-9A79FDF4E1E1}.Release_UWP|ARM.Build.0 = Release|Any CPU
		{F29DB37E-5C38-4C91-B13D-9A79FDF4E1E1}.Release_UWP|iPhone.ActiveCfg = Release|Any CPU
		{F29DB37E-5C38-4C91-B13D-9A79FDF4E1E1}.Release_UWP|iPhone.Build.0 = Release|Any CPU
		{F29DB37E-5C38-4C91-B13D-9A79FDF4E1E1}.Release_UWP|iPhoneSimulator.ActiveCfg = Release|Any CPU
		{F29DB37E-5C38-4C91-B13D-9A79FDF4E1E1}.Release_UWP|iPhoneSimulator.Build.0 = Release|Any CPU
		{F29DB37E-5C38-4C91-B13D-9A79FDF4E1E1}.Release_UWP|x64.ActiveCfg = Release|Any CPU
		{F29DB37E-5C38-4C91-B13D-9A79FDF4E1E1}.Release_UWP|x64.Build.0 = Release|Any CPU
		{F29DB37E-5C38-4C91-B13D-9A79FDF4E1E1}.Release_UWP|x86.ActiveCfg = Release|Any CPU
		{F29DB37E-5C38-4C91-B13D-9A79FDF4E1E1}.Release_UWP|x86.Build.0 = Release|Any CPU
		{F29DB37E-5C38-4C91-B13D-9A79FDF4E1E1}.Release|Any CPU.ActiveCfg = Release|Any CPU
		{F29DB37E-5C38-4C91-B13D-9A79FDF4E1E1}.Release|Any CPU.Build.0 = Release|Any CPU
		{F29DB37E-5C38-4C91-B13D-9A79FDF4E1E1}.Release|ARM.ActiveCfg = Release|Any CPU
		{F29DB37E-5C38-4C91-B13D-9A79FDF4E1E1}.Release|ARM.Build.0 = Release|Any CPU
		{F29DB37E-5C38-4C91-B13D-9A79FDF4E1E1}.Release|iPhone.ActiveCfg = Release|Any CPU
		{F29DB37E-5C38-4C91-B13D-9A79FDF4E1E1}.Release|iPhone.Build.0 = Release|Any CPU
		{F29DB37E-5C38-4C91-B13D-9A79FDF4E1E1}.Release|iPhoneSimulator.ActiveCfg = Release|Any CPU
		{F29DB37E-5C38-4C91-B13D-9A79FDF4E1E1}.Release|iPhoneSimulator.Build.0 = Release|Any CPU
		{F29DB37E-5C38-4C91-B13D-9A79FDF4E1E1}.Release|x64.ActiveCfg = Release|Any CPU
		{F29DB37E-5C38-4C91-B13D-9A79FDF4E1E1}.Release|x64.Build.0 = Release|Any CPU
		{F29DB37E-5C38-4C91-B13D-9A79FDF4E1E1}.Release|x86.ActiveCfg = Release|Any CPU
		{F29DB37E-5C38-4C91-B13D-9A79FDF4E1E1}.Release|x86.Build.0 = Release|Any CPU
		{9CF19A1C-17B7-47F5-9BD4-AAEBCC2F2425}.Ad-Hoc|Any CPU.ActiveCfg = Release|Any CPU
		{9CF19A1C-17B7-47F5-9BD4-AAEBCC2F2425}.Ad-Hoc|Any CPU.Build.0 = Release|Any CPU
		{9CF19A1C-17B7-47F5-9BD4-AAEBCC2F2425}.Ad-Hoc|ARM.ActiveCfg = Release|Any CPU
		{9CF19A1C-17B7-47F5-9BD4-AAEBCC2F2425}.Ad-Hoc|ARM.Build.0 = Release|Any CPU
		{9CF19A1C-17B7-47F5-9BD4-AAEBCC2F2425}.Ad-Hoc|iPhone.ActiveCfg = Release|Any CPU
		{9CF19A1C-17B7-47F5-9BD4-AAEBCC2F2425}.Ad-Hoc|iPhone.Build.0 = Release|Any CPU
		{9CF19A1C-17B7-47F5-9BD4-AAEBCC2F2425}.Ad-Hoc|iPhoneSimulator.ActiveCfg = Release|Any CPU
		{9CF19A1C-17B7-47F5-9BD4-AAEBCC2F2425}.Ad-Hoc|iPhoneSimulator.Build.0 = Release|Any CPU
		{9CF19A1C-17B7-47F5-9BD4-AAEBCC2F2425}.Ad-Hoc|x64.ActiveCfg = Release|Any CPU
		{9CF19A1C-17B7-47F5-9BD4-AAEBCC2F2425}.Ad-Hoc|x64.Build.0 = Release|Any CPU
		{9CF19A1C-17B7-47F5-9BD4-AAEBCC2F2425}.Ad-Hoc|x86.ActiveCfg = Release|Any CPU
		{9CF19A1C-17B7-47F5-9BD4-AAEBCC2F2425}.Ad-Hoc|x86.Build.0 = Release|Any CPU
		{9CF19A1C-17B7-47F5-9BD4-AAEBCC2F2425}.AppStore|Any CPU.ActiveCfg = Release|Any CPU
		{9CF19A1C-17B7-47F5-9BD4-AAEBCC2F2425}.AppStore|Any CPU.Build.0 = Release|Any CPU
		{9CF19A1C-17B7-47F5-9BD4-AAEBCC2F2425}.AppStore|ARM.ActiveCfg = Release|Any CPU
		{9CF19A1C-17B7-47F5-9BD4-AAEBCC2F2425}.AppStore|ARM.Build.0 = Release|Any CPU
		{9CF19A1C-17B7-47F5-9BD4-AAEBCC2F2425}.AppStore|iPhone.ActiveCfg = Release|Any CPU
		{9CF19A1C-17B7-47F5-9BD4-AAEBCC2F2425}.AppStore|iPhone.Build.0 = Release|Any CPU
		{9CF19A1C-17B7-47F5-9BD4-AAEBCC2F2425}.AppStore|iPhoneSimulator.ActiveCfg = Release|Any CPU
		{9CF19A1C-17B7-47F5-9BD4-AAEBCC2F2425}.AppStore|iPhoneSimulator.Build.0 = Release|Any CPU
		{9CF19A1C-17B7-47F5-9BD4-AAEBCC2F2425}.AppStore|x64.ActiveCfg = Release|Any CPU
		{9CF19A1C-17B7-47F5-9BD4-AAEBCC2F2425}.AppStore|x64.Build.0 = Release|Any CPU
		{9CF19A1C-17B7-47F5-9BD4-AAEBCC2F2425}.AppStore|x86.ActiveCfg = Release|Any CPU
		{9CF19A1C-17B7-47F5-9BD4-AAEBCC2F2425}.AppStore|x86.Build.0 = Release|Any CPU
		{9CF19A1C-17B7-47F5-9BD4-AAEBCC2F2425}.Debug|Any CPU.ActiveCfg = Debug|Any CPU
		{9CF19A1C-17B7-47F5-9BD4-AAEBCC2F2425}.Debug|Any CPU.Build.0 = Debug|Any CPU
		{9CF19A1C-17B7-47F5-9BD4-AAEBCC2F2425}.Debug|ARM.ActiveCfg = Debug|Any CPU
		{9CF19A1C-17B7-47F5-9BD4-AAEBCC2F2425}.Debug|ARM.Build.0 = Debug|Any CPU
		{9CF19A1C-17B7-47F5-9BD4-AAEBCC2F2425}.Debug|iPhone.ActiveCfg = Debug|Any CPU
		{9CF19A1C-17B7-47F5-9BD4-AAEBCC2F2425}.Debug|iPhone.Build.0 = Debug|Any CPU
		{9CF19A1C-17B7-47F5-9BD4-AAEBCC2F2425}.Debug|iPhoneSimulator.ActiveCfg = Debug|Any CPU
		{9CF19A1C-17B7-47F5-9BD4-AAEBCC2F2425}.Debug|iPhoneSimulator.Build.0 = Debug|Any CPU
		{9CF19A1C-17B7-47F5-9BD4-AAEBCC2F2425}.Debug|x64.ActiveCfg = Debug|Any CPU
		{9CF19A1C-17B7-47F5-9BD4-AAEBCC2F2425}.Debug|x64.Build.0 = Debug|Any CPU
		{9CF19A1C-17B7-47F5-9BD4-AAEBCC2F2425}.Debug|x86.ActiveCfg = Debug|Any CPU
		{9CF19A1C-17B7-47F5-9BD4-AAEBCC2F2425}.Debug|x86.Build.0 = Debug|Any CPU
		{9CF19A1C-17B7-47F5-9BD4-AAEBCC2F2425}.Release_Droid|Any CPU.ActiveCfg = Release|Any CPU
		{9CF19A1C-17B7-47F5-9BD4-AAEBCC2F2425}.Release_Droid|Any CPU.Build.0 = Release|Any CPU
		{9CF19A1C-17B7-47F5-9BD4-AAEBCC2F2425}.Release_Droid|ARM.ActiveCfg = Release|Any CPU
		{9CF19A1C-17B7-47F5-9BD4-AAEBCC2F2425}.Release_Droid|ARM.Build.0 = Release|Any CPU
		{9CF19A1C-17B7-47F5-9BD4-AAEBCC2F2425}.Release_Droid|iPhone.ActiveCfg = Release|Any CPU
		{9CF19A1C-17B7-47F5-9BD4-AAEBCC2F2425}.Release_Droid|iPhone.Build.0 = Release|Any CPU
		{9CF19A1C-17B7-47F5-9BD4-AAEBCC2F2425}.Release_Droid|iPhoneSimulator.ActiveCfg = Release|Any CPU
		{9CF19A1C-17B7-47F5-9BD4-AAEBCC2F2425}.Release_Droid|iPhoneSimulator.Build.0 = Release|Any CPU
		{9CF19A1C-17B7-47F5-9BD4-AAEBCC2F2425}.Release_Droid|x64.ActiveCfg = Release|Any CPU
		{9CF19A1C-17B7-47F5-9BD4-AAEBCC2F2425}.Release_Droid|x64.Build.0 = Release|Any CPU
		{9CF19A1C-17B7-47F5-9BD4-AAEBCC2F2425}.Release_Droid|x86.ActiveCfg = Release|Any CPU
		{9CF19A1C-17B7-47F5-9BD4-AAEBCC2F2425}.Release_Droid|x86.Build.0 = Release|Any CPU
		{9CF19A1C-17B7-47F5-9BD4-AAEBCC2F2425}.Release_UWP|Any CPU.ActiveCfg = Release|Any CPU
		{9CF19A1C-17B7-47F5-9BD4-AAEBCC2F2425}.Release_UWP|Any CPU.Build.0 = Release|Any CPU
		{9CF19A1C-17B7-47F5-9BD4-AAEBCC2F2425}.Release_UWP|ARM.ActiveCfg = Release|Any CPU
		{9CF19A1C-17B7-47F5-9BD4-AAEBCC2F2425}.Release_UWP|ARM.Build.0 = Release|Any CPU
		{9CF19A1C-17B7-47F5-9BD4-AAEBCC2F2425}.Release_UWP|iPhone.ActiveCfg = Release|Any CPU
		{9CF19A1C-17B7-47F5-9BD4-AAEBCC2F2425}.Release_UWP|iPhone.Build.0 = Release|Any CPU
		{9CF19A1C-17B7-47F5-9BD4-AAEBCC2F2425}.Release_UWP|iPhoneSimulator.ActiveCfg = Release|Any CPU
		{9CF19A1C-17B7-47F5-9BD4-AAEBCC2F2425}.Release_UWP|iPhoneSimulator.Build.0 = Release|Any CPU
		{9CF19A1C-17B7-47F5-9BD4-AAEBCC2F2425}.Release_UWP|x64.ActiveCfg = Release|Any CPU
		{9CF19A1C-17B7-47F5-9BD4-AAEBCC2F2425}.Release_UWP|x64.Build.0 = Release|Any CPU
		{9CF19A1C-17B7-47F5-9BD4-AAEBCC2F2425}.Release_UWP|x86.ActiveCfg = Release|Any CPU
		{9CF19A1C-17B7-47F5-9BD4-AAEBCC2F2425}.Release_UWP|x86.Build.0 = Release|Any CPU
		{9CF19A1C-17B7-47F5-9BD4-AAEBCC2F2425}.Release|Any CPU.ActiveCfg = Release|Any CPU
		{9CF19A1C-17B7-47F5-9BD4-AAEBCC2F2425}.Release|Any CPU.Build.0 = Release|Any CPU
		{9CF19A1C-17B7-47F5-9BD4-AAEBCC2F2425}.Release|ARM.ActiveCfg = Release|Any CPU
		{9CF19A1C-17B7-47F5-9BD4-AAEBCC2F2425}.Release|ARM.Build.0 = Release|Any CPU
		{9CF19A1C-17B7-47F5-9BD4-AAEBCC2F2425}.Release|iPhone.ActiveCfg = Release|Any CPU
		{9CF19A1C-17B7-47F5-9BD4-AAEBCC2F2425}.Release|iPhone.Build.0 = Release|Any CPU
		{9CF19A1C-17B7-47F5-9BD4-AAEBCC2F2425}.Release|iPhoneSimulator.ActiveCfg = Release|Any CPU
		{9CF19A1C-17B7-47F5-9BD4-AAEBCC2F2425}.Release|iPhoneSimulator.Build.0 = Release|Any CPU
		{9CF19A1C-17B7-47F5-9BD4-AAEBCC2F2425}.Release|x64.ActiveCfg = Release|Any CPU
		{9CF19A1C-17B7-47F5-9BD4-AAEBCC2F2425}.Release|x64.Build.0 = Release|Any CPU
		{9CF19A1C-17B7-47F5-9BD4-AAEBCC2F2425}.Release|x86.ActiveCfg = Release|Any CPU
		{9CF19A1C-17B7-47F5-9BD4-AAEBCC2F2425}.Release|x86.Build.0 = Release|Any CPU
	EndGlobalSection
	GlobalSection(SolutionProperties) = preSolution
		HideSolutionNode = FALSE
	EndGlobalSection
	GlobalSection(ExtensibilityGlobals) = postSolution
		SolutionGuid = {951DC0A0-6781-4640-832F-DBBCBFCFF8DE}
	EndGlobalSection
EndGlobal
