
Microsoft Visual Studio Solution File, Format Version 12.00
# Visual Studio 15
VisualStudioVersion = 15.0.26730.10
MinimumVisualStudioVersion = 10.0.40219.1
Project("{FAE04EC0-301F-11D3-BF4B-00C04F79EFBC}") = "Tilter.Android", "Tilter\Tilter.Android\Tilter.Android.csproj", "{B948CDE4-D702-480B-A091-A016D3919001}"
EndProject
Project("{FAE04EC0-301F-11D3-BF4B-00C04F79EFBC}") = "Tilter", "Tilter\Tilter\Tilter.csproj", "{36A392DD-BCEE-41AA-B07D-4D68C1024C35}"
EndProject
Project("{FAE04EC0-301F-11D3-BF4B-00C04F79EFBC}") = "Tilter.UWP", "Tilter\Tilter.UWP\Tilter.UWP.csproj", "{7D724AF5-678F-4F1A-9A01-D58D7F347EBF}"
EndProject
Project("{FAE04EC0-301F-11D3-BF4B-00C04F79EFBC}") = "Tilter.iOS", "Tilter\Tilter.iOS\Tilter.iOS.csproj", "{D97D78A6-4C9B-467B-B830-1C9DF962B056}"
EndProject
Project("{9A19103F-16F7-4668-BE54-9A1E7A4F7556}") = "AccelerationAndGyro", "..\..\..\..\..\..\..\git\NETConf2017\UWPIoTMPU6050\AccelerationAndGyro\AccelerationAndGyro.csproj", "{E0AB7BA9-D6EE-4048-9227-046240A53FFD}"
EndProject
Project("{FAE04EC0-301F-11D3-BF4B-00C04F79EFBC}") = "Tilter.GTK", "Tilter\Tilter.GTK\Tilter.GTK.csproj", "{2648DFA7-5226-4046-8961-2A37F2E3F807}"
EndProject
Project("{9A19103F-16F7-4668-BE54-9A1E7A4F7556}") = "Tilter.XF", "Tilter\Tilter.XF\Tilter.XF.csproj", "{1FE2CE51-0618-41A8-8450-462DE59EB712}"
EndProject
Global
	GlobalSection(SolutionConfigurationPlatforms) = preSolution
		Ad-Hoc|Any CPU = Ad-Hoc|Any CPU
		Ad-Hoc|ARM = Ad-Hoc|ARM
		Ad-Hoc|iPhone = Ad-Hoc|iPhone
		Ad-Hoc|iPhoneSimulator = Ad-Hoc|iPhoneSimulator
		Ad-Hoc|x64 = Ad-Hoc|x64
		Ad-Hoc|x86 = Ad-Hoc|x86
		AppStore|Any CPU = AppStore|Any CPU
		AppStore|ARM = AppStore|ARM
		AppStore|iPhone = AppStore|iPhone
		AppStore|iPhoneSimulator = AppStore|iPhoneSimulator
		AppStore|x64 = AppStore|x64
		AppStore|x86 = AppStore|x86
		Debug|Any CPU = Debug|Any CPU
		Debug|ARM = Debug|ARM
		Debug|iPhone = Debug|iPhone
		Debug|iPhoneSimulator = Debug|iPhoneSimulator
		Debug|x64 = Debug|x64
		Debug|x86 = Debug|x86
		Release|Any CPU = Release|Any CPU
		Release|ARM = Release|ARM
		Release|iPhone = Release|iPhone
		Release|iPhoneSimulator = Release|iPhoneSimulator
		Release|x64 = Release|x64
		Release|x86 = Release|x86
	EndGlobalSection
	GlobalSection(ProjectConfigurationPlatforms) = postSolution
		{B948CDE4-D702-480B-A091-A016D3919001}.Ad-Hoc|Any CPU.ActiveCfg = Release|Any CPU
		{B948CDE4-D702-480B-A091-A016D3919001}.Ad-Hoc|Any CPU.Build.0 = Release|Any CPU
		{B948CDE4-D702-480B-A091-A016D3919001}.Ad-Hoc|Any CPU.Deploy.0 = Release|Any CPU
		{B948CDE4-D702-480B-A091-A016D3919001}.Ad-Hoc|ARM.ActiveCfg = Release|Any CPU
		{B948CDE4-D702-480B-A091-A016D3919001}.Ad-Hoc|ARM.Build.0 = Release|Any CPU
		{B948CDE4-D702-480B-A091-A016D3919001}.Ad-Hoc|ARM.Deploy.0 = Release|Any CPU
		{B948CDE4-D702-480B-A091-A016D3919001}.Ad-Hoc|iPhone.ActiveCfg = Release|Any CPU
		{B948CDE4-D702-480B-A091-A016D3919001}.Ad-Hoc|iPhone.Build.0 = Release|Any CPU
		{B948CDE4-D702-480B-A091-A016D3919001}.Ad-Hoc|iPhone.Deploy.0 = Release|Any CPU
		{B948CDE4-D702-480B-A091-A016D3919001}.Ad-Hoc|iPhoneSimulator.ActiveCfg = Release|Any CPU
		{B948CDE4-D702-480B-A091-A016D3919001}.Ad-Hoc|iPhoneSimulator.Build.0 = Release|Any CPU
		{B948CDE4-D702-480B-A091-A016D3919001}.Ad-Hoc|iPhoneSimulator.Deploy.0 = Release|Any CPU
		{B948CDE4-D702-480B-A091-A016D3919001}.Ad-Hoc|x64.ActiveCfg = Release|Any CPU
		{B948CDE4-D702-480B-A091-A016D3919001}.Ad-Hoc|x64.Build.0 = Release|Any CPU
		{B948CDE4-D702-480B-A091-A016D3919001}.Ad-Hoc|x64.Deploy.0 = Release|Any CPU
		{B948CDE4-D702-480B-A091-A016D3919001}.Ad-Hoc|x86.ActiveCfg = Release|Any CPU
		{B948CDE4-D702-480B-A091-A016D3919001}.Ad-Hoc|x86.Build.0 = Release|Any CPU
		{B948CDE4-D702-480B-A091-A016D3919001}.Ad-Hoc|x86.Deploy.0 = Release|Any CPU
		{B948CDE4-D702-480B-A091-A016D3919001}.AppStore|Any CPU.ActiveCfg = Release|Any CPU
		{B948CDE4-D702-480B-A091-A016D3919001}.AppStore|Any CPU.Build.0 = Release|Any CPU
		{B948CDE4-D702-480B-A091-A016D3919001}.AppStore|Any CPU.Deploy.0 = Release|Any CPU
		{B948CDE4-D702-480B-A091-A016D3919001}.AppStore|ARM.ActiveCfg = Release|Any CPU
		{B948CDE4-D702-480B-A091-A016D3919001}.AppStore|ARM.Build.0 = Release|Any CPU
		{B948CDE4-D702-480B-A091-A016D3919001}.AppStore|ARM.Deploy.0 = Release|Any CPU
		{B948CDE4-D702-480B-A091-A016D3919001}.AppStore|iPhone.ActiveCfg = Release|Any CPU
		{B948CDE4-D702-480B-A091-A016D3919001}.AppStore|iPhone.Build.0 = Release|Any CPU
		{B948CDE4-D702-480B-A091-A016D3919001}.AppStore|iPhone.Deploy.0 = Release|Any CPU
		{B948CDE4-D702-480B-A091-A016D3919001}.AppStore|iPhoneSimulator.ActiveCfg = Release|Any CPU
		{B948CDE4-D702-480B-A091-A016D3919001}.AppStore|iPhoneSimulator.Build.0 = Release|Any CPU
		{B948CDE4-D702-480B-A091-A016D3919001}.AppStore|iPhoneSimulator.Deploy.0 = Release|Any CPU
		{B948CDE4-D702-480B-A091-A016D3919001}.AppStore|x64.ActiveCfg = Release|Any CPU
		{B948CDE4-D702-480B-A091-A016D3919001}.AppStore|x64.Build.0 = Release|Any CPU
		{B948CDE4-D702-480B-A091-A016D3919001}.AppStore|x64.Deploy.0 = Release|Any CPU
		{B948CDE4-D702-480B-A091-A016D3919001}.AppStore|x86.ActiveCfg = Release|Any CPU
		{B948CDE4-D702-480B-A091-A016D3919001}.AppStore|x86.Build.0 = Release|Any CPU
		{B948CDE4-D702-480B-A091-A016D3919001}.AppStore|x86.Deploy.0 = Release|Any CPU
		{B948CDE4-D702-480B-A091-A016D3919001}.Debug|Any CPU.ActiveCfg = Debug|Any CPU
		{B948CDE4-D702-480B-A091-A016D3919001}.Debug|Any CPU.Build.0 = Debug|Any CPU
		{B948CDE4-D702-480B-A091-A016D3919001}.Debug|Any CPU.Deploy.0 = Debug|Any CPU
		{B948CDE4-D702-480B-A091-A016D3919001}.Debug|ARM.ActiveCfg = Debug|Any CPU
		{B948CDE4-D702-480B-A091-A016D3919001}.Debug|ARM.Build.0 = Debug|Any CPU
		{B948CDE4-D702-480B-A091-A016D3919001}.Debug|ARM.Deploy.0 = Debug|Any CPU
		{B948CDE4-D702-480B-A091-A016D3919001}.Debug|iPhone.ActiveCfg = Debug|Any CPU
		{B948CDE4-D702-480B-A091-A016D3919001}.Debug|iPhone.Build.0 = Debug|Any CPU
		{B948CDE4-D702-480B-A091-A016D3919001}.Debug|iPhone.Deploy.0 = Debug|Any CPU
		{B948CDE4-D702-480B-A091-A016D3919001}.Debug|iPhoneSimulator.ActiveCfg = Debug|Any CPU
		{B948CDE4-D702-480B-A091-A016D3919001}.Debug|iPhoneSimulator.Build.0 = Debug|Any CPU
		{B948CDE4-D702-480B-A091-A016D3919001}.Debug|iPhoneSimulator.Deploy.0 = Debug|Any CPU
		{B948CDE4-D702-480B-A091-A016D3919001}.Debug|x64.ActiveCfg = Debug|Any CPU
		{B948CDE4-D702-480B-A091-A016D3919001}.Debug|x64.Build.0 = Debug|Any CPU
		{B948CDE4-D702-480B-A091-A016D3919001}.Debug|x64.Deploy.0 = Debug|Any CPU
		{B948CDE4-D702-480B-A091-A016D3919001}.Debug|x86.ActiveCfg = Debug|Any CPU
		{B948CDE4-D702-480B-A091-A016D3919001}.Debug|x86.Build.0 = Debug|Any CPU
		{B948CDE4-D702-480B-A091-A016D3919001}.Debug|x86.Deploy.0 = Debug|Any CPU
		{B948CDE4-D702-480B-A091-A016D3919001}.Release|Any CPU.ActiveCfg = Release|Any CPU
		{B948CDE4-D702-480B-A091-A016D3919001}.Release|Any CPU.Build.0 = Release|Any CPU
		{B948CDE4-D702-480B-A091-A016D3919001}.Release|Any CPU.Deploy.0 = Release|Any CPU
		{B948CDE4-D702-480B-A091-A016D3919001}.Release|ARM.ActiveCfg = Release|Any CPU
		{B948CDE4-D702-480B-A091-A016D3919001}.Release|ARM.Build.0 = Release|Any CPU
		{B948CDE4-D702-480B-A091-A016D3919001}.Release|ARM.Deploy.0 = Release|Any CPU
		{B948CDE4-D702-480B-A091-A016D3919001}.Release|iPhone.ActiveCfg = Release|Any CPU
		{B948CDE4-D702-480B-A091-A016D3919001}.Release|iPhone.Build.0 = Release|Any CPU
		{B948CDE4-D702-480B-A091-A016D3919001}.Release|iPhone.Deploy.0 = Release|Any CPU
		{B948CDE4-D702-480B-A091-A016D3919001}.Release|iPhoneSimulator.ActiveCfg = Release|Any CPU
		{B948CDE4-D702-480B-A091-A016D3919001}.Release|iPhoneSimulator.Build.0 = Release|Any CPU
		{B948CDE4-D702-480B-A091-A016D3919001}.Release|iPhoneSimulator.Deploy.0 = Release|Any CPU
		{B948CDE4-D702-480B-A091-A016D3919001}.Release|x64.ActiveCfg = Release|Any CPU
		{B948CDE4-D702-480B-A091-A016D3919001}.Release|x64.Build.0 = Release|Any CPU
		{B948CDE4-D702-480B-A091-A016D3919001}.Release|x64.Deploy.0 = Release|Any CPU
		{B948CDE4-D702-480B-A091-A016D3919001}.Release|x86.ActiveCfg = Release|Any CPU
		{B948CDE4-D702-480B-A091-A016D3919001}.Release|x86.Build.0 = Release|Any CPU
		{B948CDE4-D702-480B-A091-A016D3919001}.Release|x86.Deploy.0 = Release|Any CPU
		{36A392DD-BCEE-41AA-B07D-4D68C1024C35}.Ad-Hoc|Any CPU.ActiveCfg = Release|Any CPU
		{36A392DD-BCEE-41AA-B07D-4D68C1024C35}.Ad-Hoc|Any CPU.Build.0 = Release|Any CPU
		{36A392DD-BCEE-41AA-B07D-4D68C1024C35}.Ad-Hoc|ARM.ActiveCfg = Release|Any CPU
		{36A392DD-BCEE-41AA-B07D-4D68C1024C35}.Ad-Hoc|ARM.Build.0 = Release|Any CPU
		{36A392DD-BCEE-41AA-B07D-4D68C1024C35}.Ad-Hoc|iPhone.ActiveCfg = Release|Any CPU
		{36A392DD-BCEE-41AA-B07D-4D68C1024C35}.Ad-Hoc|iPhone.Build.0 = Release|Any CPU
		{36A392DD-BCEE-41AA-B07D-4D68C1024C35}.Ad-Hoc|iPhoneSimulator.ActiveCfg = Release|Any CPU
		{36A392DD-BCEE-41AA-B07D-4D68C1024C35}.Ad-Hoc|iPhoneSimulator.Build.0 = Release|Any CPU
		{36A392DD-BCEE-41AA-B07D-4D68C1024C35}.Ad-Hoc|x64.ActiveCfg = Release|Any CPU
		{36A392DD-BCEE-41AA-B07D-4D68C1024C35}.Ad-Hoc|x64.Build.0 = Release|Any CPU
		{36A392DD-BCEE-41AA-B07D-4D68C1024C35}.Ad-Hoc|x86.ActiveCfg = Release|Any CPU
		{36A392DD-BCEE-41AA-B07D-4D68C1024C35}.Ad-Hoc|x86.Build.0 = Release|Any CPU
		{36A392DD-BCEE-41AA-B07D-4D68C1024C35}.AppStore|Any CPU.ActiveCfg = Release|Any CPU
		{36A392DD-BCEE-41AA-B07D-4D68C1024C35}.AppStore|Any CPU.Build.0 = Release|Any CPU
		{36A392DD-BCEE-41AA-B07D-4D68C1024C35}.AppStore|ARM.ActiveCfg = Release|Any CPU
		{36A392DD-BCEE-41AA-B07D-4D68C1024C35}.AppStore|ARM.Build.0 = Release|Any CPU
		{36A392DD-BCEE-41AA-B07D-4D68C1024C35}.AppStore|iPhone.ActiveCfg = Release|Any CPU
		{36A392DD-BCEE-41AA-B07D-4D68C1024C35}.AppStore|iPhone.Build.0 = Release|Any CPU
		{36A392DD-BCEE-41AA-B07D-4D68C1024C35}.AppStore|iPhoneSimulator.ActiveCfg = Release|Any CPU
		{36A392DD-BCEE-41AA-B07D-4D68C1024C35}.AppStore|iPhoneSimulator.Build.0 = Release|Any CPU
		{36A392DD-BCEE-41AA-B07D-4D68C1024C35}.AppStore|x64.ActiveCfg = Release|Any CPU
		{36A392DD-BCEE-41AA-B07D-4D68C1024C35}.AppStore|x64.Build.0 = Release|Any CPU
		{36A392DD-BCEE-41AA-B07D-4D68C1024C35}.AppStore|x86.ActiveCfg = Release|Any CPU
		{36A392DD-BCEE-41AA-B07D-4D68C1024C35}.AppStore|x86.Build.0 = Release|Any CPU
		{36A392DD-BCEE-41AA-B07D-4D68C1024C35}.Debug|Any CPU.ActiveCfg = Debug|Any CPU
		{36A392DD-BCEE-41AA-B07D-4D68C1024C35}.Debug|Any CPU.Build.0 = Debug|Any CPU
		{36A392DD-BCEE-41AA-B07D-4D68C1024C35}.Debug|ARM.ActiveCfg = Debug|Any CPU
		{36A392DD-BCEE-41AA-B07D-4D68C1024C35}.Debug|ARM.Build.0 = Debug|Any CPU
		{36A392DD-BCEE-41AA-B07D-4D68C1024C35}.Debug|iPhone.ActiveCfg = Debug|Any CPU
		{36A392DD-BCEE-41AA-B07D-4D68C1024C35}.Debug|iPhone.Build.0 = Debug|Any CPU
		{36A392DD-BCEE-41AA-B07D-4D68C1024C35}.Debug|iPhoneSimulator.ActiveCfg = Debug|Any CPU
		{36A392DD-BCEE-41AA-B07D-4D68C1024C35}.Debug|iPhoneSimulator.Build.0 = Debug|Any CPU
		{36A392DD-BCEE-41AA-B07D-4D68C1024C35}.Debug|x64.ActiveCfg = Debug|Any CPU
		{36A392DD-BCEE-41AA-B07D-4D68C1024C35}.Debug|x64.Build.0 = Debug|Any CPU
		{36A392DD-BCEE-41AA-B07D-4D68C1024C35}.Debug|x86.ActiveCfg = Debug|Any CPU
		{36A392DD-BCEE-41AA-B07D-4D68C1024C35}.Debug|x86.Build.0 = Debug|Any CPU
		{36A392DD-BCEE-41AA-B07D-4D68C1024C35}.Release|Any CPU.ActiveCfg = Release|Any CPU
		{36A392DD-BCEE-41AA-B07D-4D68C1024C35}.Release|Any CPU.Build.0 = Release|Any CPU
		{36A392DD-BCEE-41AA-B07D-4D68C1024C35}.Release|ARM.ActiveCfg = Release|Any CPU
		{36A392DD-BCEE-41AA-B07D-4D68C1024C35}.Release|ARM.Build.0 = Release|Any CPU
		{36A392DD-BCEE-41AA-B07D-4D68C1024C35}.Release|iPhone.ActiveCfg = Release|Any CPU
		{36A392DD-BCEE-41AA-B07D-4D68C1024C35}.Release|iPhone.Build.0 = Release|Any CPU
		{36A392DD-BCEE-41AA-B07D-4D68C1024C35}.Release|iPhoneSimulator.ActiveCfg = Release|Any CPU
		{36A392DD-BCEE-41AA-B07D-4D68C1024C35}.Release|iPhoneSimulator.Build.0 = Release|Any CPU
		{36A392DD-BCEE-41AA-B07D-4D68C1024C35}.Release|x64.ActiveCfg = Release|Any CPU
		{36A392DD-BCEE-41AA-B07D-4D68C1024C35}.Release|x64.Build.0 = Release|Any CPU
		{36A392DD-BCEE-41AA-B07D-4D68C1024C35}.Release|x86.ActiveCfg = Release|Any CPU
		{36A392DD-BCEE-41AA-B07D-4D68C1024C35}.Release|x86.Build.0 = Release|Any CPU
		{7D724AF5-678F-4F1A-9A01-D58D7F347EBF}.Ad-Hoc|Any CPU.ActiveCfg = Release|x86
		{7D724AF5-678F-4F1A-9A01-D58D7F347EBF}.Ad-Hoc|Any CPU.Build.0 = Release|x86
		{7D724AF5-678F-4F1A-9A01-D58D7F347EBF}.Ad-Hoc|Any CPU.Deploy.0 = Release|x86
		{7D724AF5-678F-4F1A-9A01-D58D7F347EBF}.Ad-Hoc|ARM.ActiveCfg = Release|ARM
		{7D724AF5-678F-4F1A-9A01-D58D7F347EBF}.Ad-Hoc|ARM.Build.0 = Release|ARM
		{7D724AF5-678F-4F1A-9A01-D58D7F347EBF}.Ad-Hoc|ARM.Deploy.0 = Release|ARM
		{7D724AF5-678F-4F1A-9A01-D58D7F347EBF}.Ad-Hoc|iPhone.ActiveCfg = Release|x86
		{7D724AF5-678F-4F1A-9A01-D58D7F347EBF}.Ad-Hoc|iPhone.Build.0 = Release|x86
		{7D724AF5-678F-4F1A-9A01-D58D7F347EBF}.Ad-Hoc|iPhone.Deploy.0 = Release|x86
		{7D724AF5-678F-4F1A-9A01-D58D7F347EBF}.Ad-Hoc|iPhoneSimulator.ActiveCfg = Release|x86
		{7D724AF5-678F-4F1A-9A01-D58D7F347EBF}.Ad-Hoc|iPhoneSimulator.Build.0 = Release|x86
		{7D724AF5-678F-4F1A-9A01-D58D7F347EBF}.Ad-Hoc|iPhoneSimulator.Deploy.0 = Release|x86
		{7D724AF5-678F-4F1A-9A01-D58D7F347EBF}.Ad-Hoc|x64.ActiveCfg = Release|x64
		{7D724AF5-678F-4F1A-9A01-D58D7F347EBF}.Ad-Hoc|x64.Build.0 = Release|x64
		{7D724AF5-678F-4F1A-9A01-D58D7F347EBF}.Ad-Hoc|x64.Deploy.0 = Release|x64
		{7D724AF5-678F-4F1A-9A01-D58D7F347EBF}.Ad-Hoc|x86.ActiveCfg = Release|x86
		{7D724AF5-678F-4F1A-9A01-D58D7F347EBF}.Ad-Hoc|x86.Build.0 = Release|x86
		{7D724AF5-678F-4F1A-9A01-D58D7F347EBF}.Ad-Hoc|x86.Deploy.0 = Release|x86
		{7D724AF5-678F-4F1A-9A01-D58D7F347EBF}.AppStore|Any CPU.ActiveCfg = Release|x86
		{7D724AF5-678F-4F1A-9A01-D58D7F347EBF}.AppStore|Any CPU.Build.0 = Release|x86
		{7D724AF5-678F-4F1A-9A01-D58D7F347EBF}.AppStore|Any CPU.Deploy.0 = Release|x86
		{7D724AF5-678F-4F1A-9A01-D58D7F347EBF}.AppStore|ARM.ActiveCfg = Release|ARM
		{7D724AF5-678F-4F1A-9A01-D58D7F347EBF}.AppStore|ARM.Build.0 = Release|ARM
		{7D724AF5-678F-4F1A-9A01-D58D7F347EBF}.AppStore|ARM.Deploy.0 = Release|ARM
		{7D724AF5-678F-4F1A-9A01-D58D7F347EBF}.AppStore|iPhone.ActiveCfg = Release|x86
		{7D724AF5-678F-4F1A-9A01-D58D7F347EBF}.AppStore|iPhone.Build.0 = Release|x86
		{7D724AF5-678F-4F1A-9A01-D58D7F347EBF}.AppStore|iPhone.Deploy.0 = Release|x86
		{7D724AF5-678F-4F1A-9A01-D58D7F347EBF}.AppStore|iPhoneSimulator.ActiveCfg = Release|x86
		{7D724AF5-678F-4F1A-9A01-D58D7F347EBF}.AppStore|iPhoneSimulator.Build.0 = Release|x86
		{7D724AF5-678F-4F1A-9A01-D58D7F347EBF}.AppStore|iPhoneSimulator.Deploy.0 = Release|x86
		{7D724AF5-678F-4F1A-9A01-D58D7F347EBF}.AppStore|x64.ActiveCfg = Release|x64
		{7D724AF5-678F-4F1A-9A01-D58D7F347EBF}.AppStore|x64.Build.0 = Release|x64
		{7D724AF5-678F-4F1A-9A01-D58D7F347EBF}.AppStore|x64.Deploy.0 = Release|x64
		{7D724AF5-678F-4F1A-9A01-D58D7F347EBF}.AppStore|x86.ActiveCfg = Release|x86
		{7D724AF5-678F-4F1A-9A01-D58D7F347EBF}.AppStore|x86.Build.0 = Release|x86
		{7D724AF5-678F-4F1A-9A01-D58D7F347EBF}.AppStore|x86.Deploy.0 = Release|x86
		{7D724AF5-678F-4F1A-9A01-D58D7F347EBF}.Debug|Any CPU.ActiveCfg = Debug|x86
		{7D724AF5-678F-4F1A-9A01-D58D7F347EBF}.Debug|ARM.ActiveCfg = Debug|ARM
		{7D724AF5-678F-4F1A-9A01-D58D7F347EBF}.Debug|ARM.Build.0 = Debug|ARM
		{7D724AF5-678F-4F1A-9A01-D58D7F347EBF}.Debug|ARM.Deploy.0 = Debug|ARM
		{7D724AF5-678F-4F1A-9A01-D58D7F347EBF}.Debug|iPhone.ActiveCfg = Debug|x86
		{7D724AF5-678F-4F1A-9A01-D58D7F347EBF}.Debug|iPhoneSimulator.ActiveCfg = Debug|x86
		{7D724AF5-678F-4F1A-9A01-D58D7F347EBF}.Debug|x64.ActiveCfg = Debug|x64
		{7D724AF5-678F-4F1A-9A01-D58D7F347EBF}.Debug|x64.Build.0 = Debug|x64
		{7D724AF5-678F-4F1A-9A01-D58D7F347EBF}.Debug|x64.Deploy.0 = Debug|x64
		{7D724AF5-678F-4F1A-9A01-D58D7F347EBF}.Debug|x86.ActiveCfg = Debug|x86
		{7D724AF5-678F-4F1A-9A01-D58D7F347EBF}.Debug|x86.Build.0 = Debug|x86
		{7D724AF5-678F-4F1A-9A01-D58D7F347EBF}.Debug|x86.Deploy.0 = Debug|x86
		{7D724AF5-678F-4F1A-9A01-D58D7F347EBF}.Release|Any CPU.ActiveCfg = Release|x86
		{7D724AF5-678F-4F1A-9A01-D58D7F347EBF}.Release|ARM.ActiveCfg = Release|ARM
		{7D724AF5-678F-4F1A-9A01-D58D7F347EBF}.Release|ARM.Build.0 = Release|ARM
		{7D724AF5-678F-4F1A-9A01-D58D7F347EBF}.Release|ARM.Deploy.0 = Release|ARM
		{7D724AF5-678F-4F1A-9A01-D58D7F347EBF}.Release|iPhone.ActiveCfg = Release|x86
		{7D724AF5-678F-4F1A-9A01-D58D7F347EBF}.Release|iPhoneSimulator.ActiveCfg = Release|x86
		{7D724AF5-678F-4F1A-9A01-D58D7F347EBF}.Release|x64.ActiveCfg = Release|x64
		{7D724AF5-678F-4F1A-9A01-D58D7F347EBF}.Release|x64.Build.0 = Release|x64
		{7D724AF5-678F-4F1A-9A01-D58D7F347EBF}.Release|x64.Deploy.0 = Release|x64
		{7D724AF5-678F-4F1A-9A01-D58D7F347EBF}.Release|x86.ActiveCfg = Release|x86
		{7D724AF5-678F-4F1A-9A01-D58D7F347EBF}.Release|x86.Build.0 = Release|x86
		{7D724AF5-678F-4F1A-9A01-D58D7F347EBF}.Release|x86.Deploy.0 = Release|x86
		{D97D78A6-4C9B-467B-B830-1C9DF962B056}.Ad-Hoc|Any CPU.ActiveCfg = Ad-Hoc|iPhone
		{D97D78A6-4C9B-467B-B830-1C9DF962B056}.Ad-Hoc|ARM.ActiveCfg = Ad-Hoc|iPhone
		{D97D78A6-4C9B-467B-B830-1C9DF962B056}.Ad-Hoc|iPhone.ActiveCfg = Ad-Hoc|iPhone
		{D97D78A6-4C9B-467B-B830-1C9DF962B056}.Ad-Hoc|iPhone.Build.0 = Ad-Hoc|iPhone
		{D97D78A6-4C9B-467B-B830-1C9DF962B056}.Ad-Hoc|iPhoneSimulator.ActiveCfg = Ad-Hoc|iPhoneSimulator
		{D97D78A6-4C9B-467B-B830-1C9DF962B056}.Ad-Hoc|iPhoneSimulator.Build.0 = Ad-Hoc|iPhoneSimulator
		{D97D78A6-4C9B-467B-B830-1C9DF962B056}.Ad-Hoc|x64.ActiveCfg = Ad-Hoc|iPhone
		{D97D78A6-4C9B-467B-B830-1C9DF962B056}.Ad-Hoc|x86.ActiveCfg = Ad-Hoc|iPhone
		{D97D78A6-4C9B-467B-B830-1C9DF962B056}.AppStore|Any CPU.ActiveCfg = AppStore|iPhone
		{D97D78A6-4C9B-467B-B830-1C9DF962B056}.AppStore|ARM.ActiveCfg = AppStore|iPhone
		{D97D78A6-4C9B-467B-B830-1C9DF962B056}.AppStore|iPhone.ActiveCfg = AppStore|iPhone
		{D97D78A6-4C9B-467B-B830-1C9DF962B056}.AppStore|iPhone.Build.0 = AppStore|iPhone
		{D97D78A6-4C9B-467B-B830-1C9DF962B056}.AppStore|iPhoneSimulator.ActiveCfg = AppStore|iPhoneSimulator
		{D97D78A6-4C9B-467B-B830-1C9DF962B056}.AppStore|iPhoneSimulator.Build.0 = AppStore|iPhoneSimulator
		{D97D78A6-4C9B-467B-B830-1C9DF962B056}.AppStore|x64.ActiveCfg = AppStore|iPhone
		{D97D78A6-4C9B-467B-B830-1C9DF962B056}.AppStore|x86.ActiveCfg = AppStore|iPhone
		{D97D78A6-4C9B-467B-B830-1C9DF962B056}.Debug|Any CPU.ActiveCfg = Debug|iPhone
		{D97D78A6-4C9B-467B-B830-1C9DF962B056}.Debug|ARM.ActiveCfg = Debug|iPhone
		{D97D78A6-4C9B-467B-B830-1C9DF962B056}.Debug|iPhone.ActiveCfg = Debug|iPhone
		{D97D78A6-4C9B-467B-B830-1C9DF962B056}.Debug|iPhone.Build.0 = Debug|iPhone
		{D97D78A6-4C9B-467B-B830-1C9DF962B056}.Debug|iPhoneSimulator.ActiveCfg = Debug|iPhoneSimulator
		{D97D78A6-4C9B-467B-B830-1C9DF962B056}.Debug|iPhoneSimulator.Build.0 = Debug|iPhoneSimulator
		{D97D78A6-4C9B-467B-B830-1C9DF962B056}.Debug|x64.ActiveCfg = Debug|iPhone
		{D97D78A6-4C9B-467B-B830-1C9DF962B056}.Debug|x86.ActiveCfg = Debug|iPhone
		{D97D78A6-4C9B-467B-B830-1C9DF962B056}.Release|Any CPU.ActiveCfg = Release|iPhone
		{D97D78A6-4C9B-467B-B830-1C9DF962B056}.Release|ARM.ActiveCfg = Release|iPhone
		{D97D78A6-4C9B-467B-B830-1C9DF962B056}.Release|iPhone.ActiveCfg = Release|iPhone
		{D97D78A6-4C9B-467B-B830-1C9DF962B056}.Release|iPhone.Build.0 = Release|iPhone
		{D97D78A6-4C9B-467B-B830-1C9DF962B056}.Release|iPhoneSimulator.ActiveCfg = Release|iPhoneSimulator
		{D97D78A6-4C9B-467B-B830-1C9DF962B056}.Release|iPhoneSimulator.Build.0 = Release|iPhoneSimulator
		{D97D78A6-4C9B-467B-B830-1C9DF962B056}.Release|x64.ActiveCfg = Release|iPhone
		{D97D78A6-4C9B-467B-B830-1C9DF962B056}.Release|x86.ActiveCfg = Release|iPhone
		{E0AB7BA9-D6EE-4048-9227-046240A53FFD}.Ad-Hoc|Any CPU.ActiveCfg = Debug|Any CPU
		{E0AB7BA9-D6EE-4048-9227-046240A53FFD}.Ad-Hoc|Any CPU.Build.0 = Debug|Any CPU
		{E0AB7BA9-D6EE-4048-9227-046240A53FFD}.Ad-Hoc|ARM.ActiveCfg = Debug|Any CPU
		{E0AB7BA9-D6EE-4048-9227-046240A53FFD}.Ad-Hoc|ARM.Build.0 = Debug|Any CPU
		{E0AB7BA9-D6EE-4048-9227-046240A53FFD}.Ad-Hoc|iPhone.ActiveCfg = Debug|Any CPU
		{E0AB7BA9-D6EE-4048-9227-046240A53FFD}.Ad-Hoc|iPhone.Build.0 = Debug|Any CPU
		{E0AB7BA9-D6EE-4048-9227-046240A53FFD}.Ad-Hoc|iPhoneSimulator.ActiveCfg = Debug|Any CPU
		{E0AB7BA9-D6EE-4048-9227-046240A53FFD}.Ad-Hoc|iPhoneSimulator.Build.0 = Debug|Any CPU
		{E0AB7BA9-D6EE-4048-9227-046240A53FFD}.Ad-Hoc|x64.ActiveCfg = Debug|Any CPU
		{E0AB7BA9-D6EE-4048-9227-046240A53FFD}.Ad-Hoc|x64.Build.0 = Debug|Any CPU
		{E0AB7BA9-D6EE-4048-9227-046240A53FFD}.Ad-Hoc|x86.ActiveCfg = Debug|Any CPU
		{E0AB7BA9-D6EE-4048-9227-046240A53FFD}.Ad-Hoc|x86.Build.0 = Debug|Any CPU
		{E0AB7BA9-D6EE-4048-9227-046240A53FFD}.AppStore|Any CPU.ActiveCfg = Debug|Any CPU
		{E0AB7BA9-D6EE-4048-9227-046240A53FFD}.AppStore|Any CPU.Build.0 = Debug|Any CPU
		{E0AB7BA9-D6EE-4048-9227-046240A53FFD}.AppStore|ARM.ActiveCfg = Debug|Any CPU
		{E0AB7BA9-D6EE-4048-9227-046240A53FFD}.AppStore|ARM.Build.0 = Debug|Any CPU
		{E0AB7BA9-D6EE-4048-9227-046240A53FFD}.AppStore|iPhone.ActiveCfg = Debug|Any CPU
		{E0AB7BA9-D6EE-4048-9227-046240A53FFD}.AppStore|iPhone.Build.0 = Debug|Any CPU
		{E0AB7BA9-D6EE-4048-9227-046240A53FFD}.AppStore|iPhoneSimulator.ActiveCfg = Debug|Any CPU
		{E0AB7BA9-D6EE-4048-9227-046240A53FFD}.AppStore|iPhoneSimulator.Build.0 = Debug|Any CPU
		{E0AB7BA9-D6EE-4048-9227-046240A53FFD}.AppStore|x64.ActiveCfg = Debug|Any CPU
		{E0AB7BA9-D6EE-4048-9227-046240A53FFD}.AppStore|x64.Build.0 = Debug|Any CPU
		{E0AB7BA9-D6EE-4048-9227-046240A53FFD}.AppStore|x86.ActiveCfg = Debug|Any CPU
		{E0AB7BA9-D6EE-4048-9227-046240A53FFD}.AppStore|x86.Build.0 = Debug|Any CPU
		{E0AB7BA9-D6EE-4048-9227-046240A53FFD}.Debug|Any CPU.ActiveCfg = Debug|Any CPU
		{E0AB7BA9-D6EE-4048-9227-046240A53FFD}.Debug|Any CPU.Build.0 = Debug|Any CPU
		{E0AB7BA9-D6EE-4048-9227-046240A53FFD}.Debug|ARM.ActiveCfg = Debug|Any CPU
		{E0AB7BA9-D6EE-4048-9227-046240A53FFD}.Debug|ARM.Build.0 = Debug|Any CPU
		{E0AB7BA9-D6EE-4048-9227-046240A53FFD}.Debug|iPhone.ActiveCfg = Debug|Any CPU
		{E0AB7BA9-D6EE-4048-9227-046240A53FFD}.Debug|iPhone.Build.0 = Debug|Any CPU
		{E0AB7BA9-D6EE-4048-9227-046240A53FFD}.Debug|iPhoneSimulator.ActiveCfg = Debug|Any CPU
		{E0AB7BA9-D6EE-4048-9227-046240A53FFD}.Debug|iPhoneSimulator.Build.0 = Debug|Any CPU
		{E0AB7BA9-D6EE-4048-9227-046240A53FFD}.Debug|x64.ActiveCfg = Debug|Any CPU
		{E0AB7BA9-D6EE-4048-9227-046240A53FFD}.Debug|x64.Build.0 = Debug|Any CPU
		{E0AB7BA9-D6EE-4048-9227-046240A53FFD}.Debug|x86.ActiveCfg = Debug|Any CPU
		{E0AB7BA9-D6EE-4048-9227-046240A53FFD}.Debug|x86.Build.0 = Debug|Any CPU
		{E0AB7BA9-D6EE-4048-9227-046240A53FFD}.Release|Any CPU.ActiveCfg = Release|Any CPU
		{E0AB7BA9-D6EE-4048-9227-046240A53FFD}.Release|Any CPU.Build.0 = Release|Any CPU
		{E0AB7BA9-D6EE-4048-9227-046240A53FFD}.Release|ARM.ActiveCfg = Release|Any CPU
		{E0AB7BA9-D6EE-4048-9227-046240A53FFD}.Release|ARM.Build.0 = Release|Any CPU
		{E0AB7BA9-D6EE-4048-9227-046240A53FFD}.Release|iPhone.ActiveCfg = Release|Any CPU
		{E0AB7BA9-D6EE-4048-9227-046240A53FFD}.Release|iPhone.Build.0 = Release|Any CPU
		{E0AB7BA9-D6EE-4048-9227-046240A53FFD}.Release|iPhoneSimulator.ActiveCfg = Release|Any CPU
		{E0AB7BA9-D6EE-4048-9227-046240A53FFD}.Release|iPhoneSimulator.Build.0 = Release|Any CPU
		{E0AB7BA9-D6EE-4048-9227-046240A53FFD}.Release|x64.ActiveCfg = Release|Any CPU
		{E0AB7BA9-D6EE-4048-9227-046240A53FFD}.Release|x64.Build.0 = Release|Any CPU
		{E0AB7BA9-D6EE-4048-9227-046240A53FFD}.Release|x86.ActiveCfg = Release|Any CPU
		{E0AB7BA9-D6EE-4048-9227-046240A53FFD}.Release|x86.Build.0 = Release|Any CPU
		{2648DFA7-5226-4046-8961-2A37F2E3F807}.Ad-Hoc|Any CPU.ActiveCfg = Release|Any CPU
		{2648DFA7-5226-4046-8961-2A37F2E3F807}.Ad-Hoc|Any CPU.Build.0 = Release|Any CPU
		{2648DFA7-5226-4046-8961-2A37F2E3F807}.Ad-Hoc|ARM.ActiveCfg = Release|Any CPU
		{2648DFA7-5226-4046-8961-2A37F2E3F807}.Ad-Hoc|ARM.Build.0 = Release|Any CPU
		{2648DFA7-5226-4046-8961-2A37F2E3F807}.Ad-Hoc|iPhone.ActiveCfg = Release|Any CPU
		{2648DFA7-5226-4046-8961-2A37F2E3F807}.Ad-Hoc|iPhone.Build.0 = Release|Any CPU
		{2648DFA7-5226-4046-8961-2A37F2E3F807}.Ad-Hoc|iPhoneSimulator.ActiveCfg = Release|Any CPU
		{2648DFA7-5226-4046-8961-2A37F2E3F807}.Ad-Hoc|iPhoneSimulator.Build.0 = Release|Any CPU
		{2648DFA7-5226-4046-8961-2A37F2E3F807}.Ad-Hoc|x64.ActiveCfg = Release|Any CPU
		{2648DFA7-5226-4046-8961-2A37F2E3F807}.Ad-Hoc|x64.Build.0 = Release|Any CPU
		{2648DFA7-5226-4046-8961-2A37F2E3F807}.Ad-Hoc|x86.ActiveCfg = Release|Any CPU
		{2648DFA7-5226-4046-8961-2A37F2E3F807}.Ad-Hoc|x86.Build.0 = Release|Any CPU
		{2648DFA7-5226-4046-8961-2A37F2E3F807}.AppStore|Any CPU.ActiveCfg = Release|Any CPU
		{2648DFA7-5226-4046-8961-2A37F2E3F807}.AppStore|Any CPU.Build.0 = Release|Any CPU
		{2648DFA7-5226-4046-8961-2A37F2E3F807}.AppStore|ARM.ActiveCfg = Release|Any CPU
		{2648DFA7-5226-4046-8961-2A37F2E3F807}.AppStore|ARM.Build.0 = Release|Any CPU
		{2648DFA7-5226-4046-8961-2A37F2E3F807}.AppStore|iPhone.ActiveCfg = Release|Any CPU
		{2648DFA7-5226-4046-8961-2A37F2E3F807}.AppStore|iPhone.Build.0 = Release|Any CPU
		{2648DFA7-5226-4046-8961-2A37F2E3F807}.AppStore|iPhoneSimulator.ActiveCfg = Release|Any CPU
		{2648DFA7-5226-4046-8961-2A37F2E3F807}.AppStore|iPhoneSimulator.Build.0 = Release|Any CPU
		{2648DFA7-5226-4046-8961-2A37F2E3F807}.AppStore|x64.ActiveCfg = Release|Any CPU
		{2648DFA7-5226-4046-8961-2A37F2E3F807}.AppStore|x64.Build.0 = Release|Any CPU
		{2648DFA7-5226-4046-8961-2A37F2E3F807}.AppStore|x86.ActiveCfg = Release|Any CPU
		{2648DFA7-5226-4046-8961-2A37F2E3F807}.AppStore|x86.Build.0 = Release|Any CPU
		{2648DFA7-5226-4046-8961-2A37F2E3F807}.Debug|Any CPU.ActiveCfg = Debug|Any CPU
		{2648DFA7-5226-4046-8961-2A37F2E3F807}.Debug|Any CPU.Build.0 = Debug|Any CPU
		{2648DFA7-5226-4046-8961-2A37F2E3F807}.Debug|ARM.ActiveCfg = Debug|Any CPU
		{2648DFA7-5226-4046-8961-2A37F2E3F807}.Debug|ARM.Build.0 = Debug|Any CPU
		{2648DFA7-5226-4046-8961-2A37F2E3F807}.Debug|iPhone.ActiveCfg = Debug|Any CPU
		{2648DFA7-5226-4046-8961-2A37F2E3F807}.Debug|iPhone.Build.0 = Debug|Any CPU
		{2648DFA7-5226-4046-8961-2A37F2E3F807}.Debug|iPhoneSimulator.ActiveCfg = Debug|Any CPU
		{2648DFA7-5226-4046-8961-2A37F2E3F807}.Debug|iPhoneSimulator.Build.0 = Debug|Any CPU
		{2648DFA7-5226-4046-8961-2A37F2E3F807}.Debug|x64.ActiveCfg = Debug|Any CPU
		{2648DFA7-5226-4046-8961-2A37F2E3F807}.Debug|x64.Build.0 = Debug|Any CPU
		{2648DFA7-5226-4046-8961-2A37F2E3F807}.Debug|x86.ActiveCfg = Debug|Any CPU
		{2648DFA7-5226-4046-8961-2A37F2E3F807}.Debug|x86.Build.0 = Debug|Any CPU
		{2648DFA7-5226-4046-8961-2A37F2E3F807}.Release|Any CPU.ActiveCfg = Release|Any CPU
		{2648DFA7-5226-4046-8961-2A37F2E3F807}.Release|Any CPU.Build.0 = Release|Any CPU
		{2648DFA7-5226-4046-8961-2A37F2E3F807}.Release|ARM.ActiveCfg = Release|Any CPU
		{2648DFA7-5226-4046-8961-2A37F2E3F807}.Release|ARM.Build.0 = Release|Any CPU
		{2648DFA7-5226-4046-8961-2A37F2E3F807}.Release|iPhone.ActiveCfg = Release|Any CPU
		{2648DFA7-5226-4046-8961-2A37F2E3F807}.Release|iPhone.Build.0 = Release|Any CPU
		{2648DFA7-5226-4046-8961-2A37F2E3F807}.Release|iPhoneSimulator.ActiveCfg = Release|Any CPU
		{2648DFA7-5226-4046-8961-2A37F2E3F807}.Release|iPhoneSimulator.Build.0 = Release|Any CPU
		{2648DFA7-5226-4046-8961-2A37F2E3F807}.Release|x64.ActiveCfg = Release|Any CPU
		{2648DFA7-5226-4046-8961-2A37F2E3F807}.Release|x64.Build.0 = Release|Any CPU
		{2648DFA7-5226-4046-8961-2A37F2E3F807}.Release|x86.ActiveCfg = Release|Any CPU
		{2648DFA7-5226-4046-8961-2A37F2E3F807}.Release|x86.Build.0 = Release|Any CPU
		{1FE2CE51-0618-41A8-8450-462DE59EB712}.Ad-Hoc|Any CPU.ActiveCfg = Debug|Any CPU
		{1FE2CE51-0618-41A8-8450-462DE59EB712}.Ad-Hoc|Any CPU.Build.0 = Debug|Any CPU
		{1FE2CE51-0618-41A8-8450-462DE59EB712}.Ad-Hoc|ARM.ActiveCfg = Debug|Any CPU
		{1FE2CE51-0618-41A8-8450-462DE59EB712}.Ad-Hoc|ARM.Build.0 = Debug|Any CPU
		{1FE2CE51-0618-41A8-8450-462DE59EB712}.Ad-Hoc|iPhone.ActiveCfg = Debug|Any CPU
		{1FE2CE51-0618-41A8-8450-462DE59EB712}.Ad-Hoc|iPhone.Build.0 = Debug|Any CPU
		{1FE2CE51-0618-41A8-8450-462DE59EB712}.Ad-Hoc|iPhoneSimulator.ActiveCfg = Debug|Any CPU
		{1FE2CE51-0618-41A8-8450-462DE59EB712}.Ad-Hoc|iPhoneSimulator.Build.0 = Debug|Any CPU
		{1FE2CE51-0618-41A8-8450-462DE59EB712}.Ad-Hoc|x64.ActiveCfg = Debug|Any CPU
		{1FE2CE51-0618-41A8-8450-462DE59EB712}.Ad-Hoc|x64.Build.0 = Debug|Any CPU
		{1FE2CE51-0618-41A8-8450-462DE59EB712}.Ad-Hoc|x86.ActiveCfg = Debug|Any CPU
		{1FE2CE51-0618-41A8-8450-462DE59EB712}.Ad-Hoc|x86.Build.0 = Debug|Any CPU
		{1FE2CE51-0618-41A8-8450-462DE59EB712}.AppStore|Any CPU.ActiveCfg = Debug|Any CPU
		{1FE2CE51-0618-41A8-8450-462DE59EB712}.AppStore|Any CPU.Build.0 = Debug|Any CPU
		{1FE2CE51-0618-41A8-8450-462DE59EB712}.AppStore|ARM.ActiveCfg = Debug|Any CPU
		{1FE2CE51-0618-41A8-8450-462DE59EB712}.AppStore|ARM.Build.0 = Debug|Any CPU
		{1FE2CE51-0618-41A8-8450-462DE59EB712}.AppStore|iPhone.ActiveCfg = Debug|Any CPU
		{1FE2CE51-0618-41A8-8450-462DE59EB712}.AppStore|iPhone.Build.0 = Debug|Any CPU
		{1FE2CE51-0618-41A8-8450-462DE59EB712}.AppStore|iPhoneSimulator.ActiveCfg = Debug|Any CPU
		{1FE2CE51-0618-41A8-8450-462DE59EB712}.AppStore|iPhoneSimulator.Build.0 = Debug|Any CPU
		{1FE2CE51-0618-41A8-8450-462DE59EB712}.AppStore|x64.ActiveCfg = Debug|Any CPU
		{1FE2CE51-0618-41A8-8450-462DE59EB712}.AppStore|x64.Build.0 = Debug|Any CPU
		{1FE2CE51-0618-41A8-8450-462DE59EB712}.AppStore|x86.ActiveCfg = Debug|Any CPU
		{1FE2CE51-0618-41A8-8450-462DE59EB712}.AppStore|x86.Build.0 = Debug|Any CPU
		{1FE2CE51-0618-41A8-8450-462DE59EB712}.Debug|Any CPU.ActiveCfg = Debug|Any CPU
		{1FE2CE51-0618-41A8-8450-462DE59EB712}.Debug|Any CPU.Build.0 = Debug|Any CPU
		{1FE2CE51-0618-41A8-8450-462DE59EB712}.Debug|ARM.ActiveCfg = Debug|Any CPU
		{1FE2CE51-0618-41A8-8450-462DE59EB712}.Debug|ARM.Build.0 = Debug|Any CPU
		{1FE2CE51-0618-41A8-8450-462DE59EB712}.Debug|iPhone.ActiveCfg = Debug|Any CPU
		{1FE2CE51-0618-41A8-8450-462DE59EB712}.Debug|iPhone.Build.0 = Debug|Any CPU
		{1FE2CE51-0618-41A8-8450-462DE59EB712}.Debug|iPhoneSimulator.ActiveCfg = Debug|Any CPU
		{1FE2CE51-0618-41A8-8450-462DE59EB712}.Debug|iPhoneSimulator.Build.0 = Debug|Any CPU
		{1FE2CE51-0618-41A8-8450-462DE59EB712}.Debug|x64.ActiveCfg = Debug|Any CPU
		{1FE2CE51-0618-41A8-8450-462DE59EB712}.Debug|x64.Build.0 = Debug|Any CPU
		{1FE2CE51-0618-41A8-8450-462DE59EB712}.Debug|x86.ActiveCfg = Debug|Any CPU
		{1FE2CE51-0618-41A8-8450-462DE59EB712}.Debug|x86.Build.0 = Debug|Any CPU
		{1FE2CE51-0618-41A8-8450-462DE59EB712}.Release|Any CPU.ActiveCfg = Release|Any CPU
		{1FE2CE51-0618-41A8-8450-462DE59EB712}.Release|Any CPU.Build.0 = Release|Any CPU
		{1FE2CE51-0618-41A8-8450-462DE59EB712}.Release|ARM.ActiveCfg = Release|Any CPU
		{1FE2CE51-0618-41A8-8450-462DE59EB712}.Release|ARM.Build.0 = Release|Any CPU
		{1FE2CE51-0618-41A8-8450-462DE59EB712}.Release|iPhone.ActiveCfg = Release|Any CPU
		{1FE2CE51-0618-41A8-8450-462DE59EB712}.Release|iPhone.Build.0 = Release|Any CPU
		{1FE2CE51-0618-41A8-8450-462DE59EB712}.Release|iPhoneSimulator.ActiveCfg = Release|Any CPU
		{1FE2CE51-0618-41A8-8450-462DE59EB712}.Release|iPhoneSimulator.Build.0 = Release|Any CPU
		{1FE2CE51-0618-41A8-8450-462DE59EB712}.Release|x64.ActiveCfg = Release|Any CPU
		{1FE2CE51-0618-41A8-8450-462DE59EB712}.Release|x64.Build.0 = Release|Any CPU
		{1FE2CE51-0618-41A8-8450-462DE59EB712}.Release|x86.ActiveCfg = Release|Any CPU
		{1FE2CE51-0618-41A8-8450-462DE59EB712}.Release|x86.Build.0 = Release|Any CPU
	EndGlobalSection
	GlobalSection(SolutionProperties) = preSolution
		HideSolutionNode = FALSE
	EndGlobalSection
	GlobalSection(ExtensibilityGlobals) = postSolution
		SolutionGuid = {951DC0A0-6781-4640-832F-DBBCBFCFF8DE}
	EndGlobalSection
EndGlobal
